{
  "version": 4,
  "terraform_version": "0.12.12",
  "serial": 634,
  "lineage": "e27d6b66-2581-7531-fbc0-554764a82904",
  "outputs": {
    "project_number": {
      "value": "296783778293",
      "type": "string"
    }
  },
  "resources": [
    {
      "mode": "data",
      "type": "archive_file",
      "name": "trigger-function",
      "provider": "provider.archive",
      "instances": [
        {
          "schema_version": 0,
          "attributes": {
            "excludes": null,
            "id": "4f4274c65187b22251ee50451be1389bf4a14f3c",
            "output_base64sha256": "pvPlPM+owLhw8bZKljqQTQpAmcVT0rz6CykwMnjVEpc=",
            "output_md5": "9ca9829e343c15f4c90d39ec3f492111",
            "output_path": "./code/trigger_function.zip",
            "output_sha": "4f4274c65187b22251ee50451be1389bf4a14f3c",
            "output_size": 942,
            "source": [],
            "source_content": null,
            "source_content_filename": null,
            "source_dir": "./../../code/trigger_function",
            "source_file": null,
            "type": "zip"
          }
        }
      ]
    },
    {
      "mode": "data",
      "type": "google_project",
      "name": "project",
      "provider": "provider.google",
      "instances": [
        {
          "schema_version": 0,
          "attributes": {
            "app_engine": [],
            "auto_create_network": null,
            "billing_account": "015375-22D0EA-BBA008",
            "folder_id": "",
            "id": "c39-txf-sandbox",
            "labels": {},
            "name": "c39-txf-sandbox",
            "number": "296783778293",
            "org_id": "697664250844",
            "policy_data": null,
            "policy_etag": null,
            "project_id": "c39-txf-sandbox",
            "skip_delete": null
          }
        }
      ]
    },
    {
      "mode": "managed",
      "type": "google_bigquery_dataset",
      "name": "dataset",
      "provider": "provider.google",
      "instances": [
        {
          "schema_version": 0,
          "attributes": {
            "access": [
              {
                "domain": "",
                "group_by_email": "",
                "role": "OWNER",
                "special_group": "",
                "user_by_email": "ariel.gonzalez@cloud39.co",
                "view": []
              },
              {
                "domain": "",
                "group_by_email": "",
                "role": "OWNER",
                "special_group": "projectOwners",
                "user_by_email": "",
                "view": []
              },
              {
                "domain": "",
                "group_by_email": "",
                "role": "READER",
                "special_group": "projectReaders",
                "user_by_email": "",
                "view": []
              },
              {
                "domain": "",
                "group_by_email": "",
                "role": "WRITER",
                "special_group": "projectWriters",
                "user_by_email": "",
                "view": []
              }
            ],
            "creation_time": 1572832377978,
            "dataset_id": "main_dwh",
            "default_encryption_configuration": [],
            "default_partition_expiration_ms": 0,
            "default_table_expiration_ms": 0,
            "delete_contents_on_destroy": false,
            "description": "Taxfyle main data warehouse dataset",
            "etag": "IWQxUU57pk3u8341SGOVMw==",
            "friendly_name": "main_dwh",
            "id": "c39-txf-sandbox:main_dwh",
            "labels": null,
            "last_modified_time": 1572832377978,
            "location": "US",
            "project": "c39-txf-sandbox",
            "self_link": "https://www.googleapis.com/bigquery/v2/projects/c39-txf-sandbox/datasets/main_dwh",
            "timeouts": null
          },
          "private": "eyJlMmJmYjczMC1lY2FhLTExZTYtOGY4OC0zNDM2M2JjN2M0YzAiOnsiY3JlYXRlIjoyNDAwMDAwMDAwMDAsImRlbGV0ZSI6MjQwMDAwMDAwMDAwLCJ1cGRhdGUiOjI0MDAwMDAwMDAwMH19"
        }
      ]
    },
    {
      "mode": "managed",
      "type": "google_cloud_scheduler_job",
      "name": "dataflow_trigger",
      "provider": "provider.google",
      "instances": [
        {
          "schema_version": 0,
          "attributes": {
            "app_engine_http_target": [],
            "description": "",
            "http_target": [
              {
                "body": "eyJwYXJhbWV0ZXJzIjp7ImV0bF9yZWdpb24iOiJVUyIsIm5ldHdvcmtfcmVnaW9uIjoidXMtZWFzdDEiLCJ0ZW1wbGF0ZV9idWNrZXQiOiJjMzktdHhmLXNhbmRib3gtY29kZSJ9fQ==",
                "headers": null,
                "http_method": "POST",
                "oauth_token": [],
                "oidc_token": [],
                "uri": "https://us-east1-c39-txf-sandbox.cloudfunctions.net/trigger-pipeline-template-function"
              }
            ],
            "id": "dataflow-scheduler-job",
            "name": "dataflow-scheduler-job",
            "project": "c39-txf-sandbox",
            "pubsub_target": [],
            "region": "us-east1",
            "retry_config": [],
            "schedule": "0 */4 * * *",
            "time_zone": "America/New_York",
            "timeouts": null
          },
          "private": "eyJlMmJmYjczMC1lY2FhLTExZTYtOGY4OC0zNDM2M2JjN2M0YzAiOnsiY3JlYXRlIjoyNDAwMDAwMDAwMDAsImRlbGV0ZSI6MjQwMDAwMDAwMDAwfX0=",
          "depends_on": [
            "google_cloudfunctions_function.trigger-pipeline-template-function",
            "google_project_service.cloud-scheduler-service",
            "google_storage_bucket.code-bucket"
          ]
        }
      ]
    },
    {
      "mode": "managed",
      "type": "google_cloudfunctions_function",
      "name": "trigger-pipeline-template-function",
      "provider": "provider.google",
      "instances": [
        {
          "schema_version": 0,
          "attributes": {
            "available_memory_mb": 256,
            "description": "Trigger pipeline template execution in dataflow to read data from database in project: cloud39-sandbox then write data to BigQuery and DataStorage in project: c39-txf-sandbox",
            "entry_point": "executeTemplateInDataflow",
            "environment_variables": null,
            "event_trigger": [],
            "https_trigger_url": "https://us-east1-c39-txf-sandbox.cloudfunctions.net/trigger-pipeline-template-function",
            "id": "c39-txf-sandbox/us-east1/trigger-pipeline-template-function",
            "labels": null,
            "max_instances": 0,
            "name": "trigger-pipeline-template-function",
            "project": "c39-txf-sandbox",
            "region": "us-east1",
            "runtime": "nodejs8",
            "service_account_email": "c39-txf-sandbox@appspot.gserviceaccount.com",
            "source_archive_bucket": "c39-txf-sandbox-code",
            "source_archive_object": "trigger_function.zip",
            "source_repository": [],
            "timeout": 60,
            "timeouts": null,
            "trigger_bucket": null,
            "trigger_http": true,
            "trigger_topic": null,
            "vpc_connector": ""
          },
          "private": "eyJlMmJmYjczMC1lY2FhLTExZTYtOGY4OC0zNDM2M2JjN2M0YzAiOnsiY3JlYXRlIjozMDAwMDAwMDAwMDAsImRlbGV0ZSI6MzAwMDAwMDAwMDAwLCJyZWFkIjozMDAwMDAwMDAwMDB9fQ==",
          "depends_on": [
            "google_project_service.cloud-function-service",
            "google_storage_bucket.code-bucket",
            "google_storage_bucket_object.trigger-function-zip"
          ]
        }
      ]
    },
    {
      "mode": "managed",
      "type": "google_compute_instance",
      "name": "default",
      "provider": "provider.google",
      "instances": [
        {
          "schema_version": 6,
          "attributes": {
            "allow_stopping_for_update": null,
            "attached_disk": [],
            "boot_disk": [
              {
                "auto_delete": true,
                "device_name": "persistent-disk-0",
                "disk_encryption_key_raw": "",
                "disk_encryption_key_sha256": "",
                "initialize_params": [
                  {
                    "image": "https://www.googleapis.com/compute/v1/projects/ubuntu-os-cloud/global/images/ubuntu-minimal-1804-bionic-v20191024",
                    "labels": {},
                    "size": 10,
                    "type": "pd-standard"
                  }
                ],
                "kms_key_self_link": "",
                "mode": "READ_WRITE",
                "source": "https://www.googleapis.com/compute/v1/projects/c39-txf-sandbox/zones/us-east1-b/disks/build-pipeline-send-to-dataflow"
              }
            ],
            "can_ip_forward": false,
            "cpu_platform": "Intel Haswell",
            "deletion_protection": false,
            "description": "",
            "disk": [],
            "guest_accelerator": [],
            "hostname": "",
            "id": "build-pipeline-send-to-dataflow",
            "instance_id": "6683259252700756804",
            "label_fingerprint": "42WmSpB8rSM=",
            "labels": null,
            "machine_type": "n1-standard-1",
            "metadata": {
              "sshKeys": "gcp_user:ssh-rsa AAAAB3NzaC1yc2EAAAADAQABAAACAQDBDgiN2S0B7GJ9PHfQTGsXfnJ60eCwgvzo/uGzheujekDcurqi1bkzp/hw9PGLBk9eDRulIUOGLhTcBz/Ev/35N9vr7NBGZbjyXVxNtgoCIKsxiiBICMNVO8gfbsIZFakx8OaSkwqjSA56N4dvRF7dqvcHPIHXj+qdLd9NVGBBLRgKFBVxzwlf9aOZVb1tdGYTGMclw2cFH8oD1WowpZJU3kY60dlVu2R8EIM9T+5tsdxXsRwDLgK/p8tsLEHqHstYyOz6zdTnKtfgW4pvgXmBzR9T+UkR17M3GqqGA0AevpORt27WfPs97KsvwKuGWF1Hme+eT5h6XEI8ybjoC+A1eI9MqfY7OOLpeaIeztujsViH9O9q5CzR/6ywKJd1hhRgBI7canGXiAhhFGzRDSsX6Wnk3/MnB+lMEZli/CZDa8C5NI5uZXU8WgiJ2Qhsg1Wg67E26SGYPzDKu2Dh/vBs2s4vMm5GNikf1fjgRq36iJRKlA3EYijKCB+c/sokD/Pfn5KxEZUv9g8QpTwjHvG3lXFx5BH4E9RStlAV5aIvwzsycGxW1x+nuLdqZy0pE11xK7A5yizStDtAF4rE8EZQYLt+loprWQMNRRCPdsgeBFZX2cQA7jnYBZh0jpQW9xeJyskeU8gq/UPxq6dJy8J5MGawWvVecSiV29rNxH1Jiw==\n"
            },
            "metadata_fingerprint": "OCvSC6fFSJM=",
            "metadata_startup_script": "",
            "min_cpu_platform": "",
            "name": "build-pipeline-send-to-dataflow",
            "network_interface": [
              {
                "access_config": [
                  {
                    "assigned_nat_ip": "",
                    "nat_ip": "35.196.130.57",
                    "network_tier": "PREMIUM",
                    "public_ptr_domain_name": ""
                  }
                ],
                "address": "",
                "alias_ip_range": [],
                "name": "nic0",
                "network": "https://www.googleapis.com/compute/v1/projects/c39-txf-sandbox/global/networks/default",
                "network_ip": "10.142.0.46",
                "subnetwork": "https://www.googleapis.com/compute/v1/projects/c39-txf-sandbox/regions/us-east1/subnetworks/default",
                "subnetwork_project": "c39-txf-sandbox"
              }
            ],
            "project": "c39-txf-sandbox",
            "scheduling": [
              {
                "automatic_restart": true,
                "node_affinities": [],
                "on_host_maintenance": "MIGRATE",
                "preemptible": false
              }
            ],
            "scratch_disk": [],
            "self_link": "https://www.googleapis.com/compute/v1/projects/c39-txf-sandbox/zones/us-east1-b/instances/build-pipeline-send-to-dataflow",
            "service_account": [
              {
                "email": "296783778293-compute@developer.gserviceaccount.com",
                "scopes": [
                  "https://www.googleapis.com/auth/cloud-platform"
                ]
              }
            ],
            "shielded_instance_config": [],
            "tags": null,
            "tags_fingerprint": "42WmSpB8rSM=",
            "timeouts": null,
            "zone": "us-east1-b"
          },
          "private": "eyJlMmJmYjczMC1lY2FhLTExZTYtOGY4OC0zNDM2M2JjN2M0YzAiOnsiY3JlYXRlIjoxMjAwMDAwMDAwMDAwLCJkZWxldGUiOjEyMDAwMDAwMDAwMDAsInVwZGF0ZSI6MTIwMDAwMDAwMDAwMH0sInNjaGVtYV92ZXJzaW9uIjoiNiJ9",
          "depends_on": [
            "data.google_project.project",
            "google_storage_bucket.code-bucket",
            "google_storage_bucket.datalake-bucket",
            "tls_private_key.ssh-key"
          ]
        }
      ]
    },
    {
      "mode": "managed",
      "type": "google_compute_shared_vpc_host_project",
      "name": "main",
      "provider": "provider.google",
      "instances": [
        {
          "schema_version": 0,
          "attributes": {
            "id": "cloud39-sandbox",
            "project": "cloud39-sandbox"
          },
          "private": "bnVsbA=="
        }
      ]
    },
    {
      "mode": "managed",
      "type": "google_compute_shared_vpc_service_project",
      "name": "data",
      "provider": "provider.google",
      "instances": [
        {
          "schema_version": 0,
          "attributes": {
            "host_project": "cloud39-sandbox",
            "id": "cloud39-sandbox/c39-txf-sandbox",
            "service_project": "c39-txf-sandbox"
          },
          "private": "bnVsbA==",
          "depends_on": [
            "google_compute_shared_vpc_host_project.main"
          ]
        }
      ]
    },
    {
      "mode": "managed",
      "type": "google_compute_subnetwork_iam_binding",
      "name": "subnet",
      "provider": "provider.google",
      "instances": [
        {
          "schema_version": 0,
          "attributes": {
            "etag": "BwWWe5Qb9mM=",
            "id": "projects/cloud39-sandbox/regions/us-east1/subnetworks/cloudsql-dataflow-subnet/roles/compute.networkUser",
            "members": [
              "serviceAccount:service-296783778293@dataflow-service-producer-prod.iam.gserviceaccount.com",
              "serviceAccount:service-account-data-pipeline@c39-txf-sandbox.iam.gserviceaccount.com"
            ],
            "project": "cloud39-sandbox",
            "region": "us-east1",
            "role": "roles/compute.networkUser",
            "subnetwork": "cloudsql-dataflow-subnet"
          },
          "private": "bnVsbA==",
          "depends_on": [
            "data.google_project.project",
            "google_service_account.service-project-service-account-data-pipeline"
          ]
        }
      ]
    },
    {
      "mode": "managed",
      "type": "google_project_iam_member",
      "name": "host-project-service-account-data-pipeline-shared-vpc",
      "provider": "provider.google",
      "instances": [
        {
          "schema_version": 0,
          "attributes": {
            "etag": "BwWWe5PVHJU=",
            "id": "cloud39-sandbox/roles/compute.networkUser/serviceaccount:service-account-data-pipeline@c39-txf-sandbox.iam.gserviceaccount.com",
            "member": "serviceAccount:service-account-data-pipeline@c39-txf-sandbox.iam.gserviceaccount.com",
            "project": "cloud39-sandbox",
            "role": "roles/compute.networkUser"
          },
          "private": "bnVsbA==",
          "depends_on": [
            "google_service_account.service-project-service-account-data-pipeline"
          ]
        }
      ]
    },
    {
      "mode": "managed",
      "type": "google_project_iam_member",
      "name": "host-project-service-account-data-pipeline-sql-client",
      "provider": "provider.google",
      "instances": [
        {
          "schema_version": 0,
          "attributes": {
            "etag": "BwWWe5PVHJU=",
            "id": "cloud39-sandbox/roles/cloudsql.client/serviceaccount:service-account-data-pipeline@c39-txf-sandbox.iam.gserviceaccount.com",
            "member": "serviceAccount:service-account-data-pipeline@c39-txf-sandbox.iam.gserviceaccount.com",
            "project": "cloud39-sandbox",
            "role": "roles/cloudsql.client"
          },
          "private": "bnVsbA==",
          "depends_on": [
            "google_service_account.service-project-service-account-data-pipeline"
          ]
        }
      ]
    },
    {
      "mode": "managed",
      "type": "google_project_iam_member",
      "name": "service-project-service-account-data-pipeline-admin-bq",
      "provider": "provider.google",
      "instances": [
        {
          "schema_version": 0,
          "attributes": {
            "etag": "BwWWe5QEgwM=",
            "id": "c39-txf-sandbox/roles/bigquery.admin/serviceaccount:service-account-data-pipeline@c39-txf-sandbox.iam.gserviceaccount.com",
            "member": "serviceAccount:service-account-data-pipeline@c39-txf-sandbox.iam.gserviceaccount.com",
            "project": "c39-txf-sandbox",
            "role": "roles/bigquery.admin"
          },
          "private": "bnVsbA==",
          "depends_on": [
            "google_service_account.service-project-service-account-data-pipeline"
          ]
        }
      ]
    },
    {
      "mode": "managed",
      "type": "google_project_iam_member",
      "name": "service-project-service-account-data-pipeline-admin-buckets",
      "provider": "provider.google",
      "instances": [
        {
          "schema_version": 0,
          "attributes": {
            "etag": "BwWWe5QOPOs=",
            "id": "c39-txf-sandbox/roles/storage.objectAdmin/serviceaccount:service-account-data-pipeline@c39-txf-sandbox.iam.gserviceaccount.com",
            "member": "serviceAccount:service-account-data-pipeline@c39-txf-sandbox.iam.gserviceaccount.com",
            "project": "c39-txf-sandbox",
            "role": "roles/storage.objectAdmin"
          },
          "private": "bnVsbA==",
          "depends_on": [
            "google_service_account.service-project-service-account-data-pipeline"
          ]
        }
      ]
    },
    {
      "mode": "managed",
      "type": "google_project_iam_member",
      "name": "service-project-service-account-data-pipeline-df-worker",
      "provider": "provider.google",
      "instances": [
        {
          "schema_version": 0,
          "attributes": {
            "etag": "BwWWe5S5lPI=",
            "id": "c39-txf-sandbox/roles/dataflow.worker/serviceaccount:service-account-data-pipeline@c39-txf-sandbox.iam.gserviceaccount.com",
            "member": "serviceAccount:service-account-data-pipeline@c39-txf-sandbox.iam.gserviceaccount.com",
            "project": "c39-txf-sandbox",
            "role": "roles/dataflow.worker"
          },
          "private": "bnVsbA==",
          "depends_on": [
            "google_service_account.service-project-service-account-data-pipeline"
          ]
        }
      ]
    },
    {
      "mode": "managed",
      "type": "google_project_iam_member",
      "name": "service-project-service-account-data-pipeline-shared-vpc",
      "provider": "provider.google",
      "instances": [
        {
          "schema_version": 0,
          "attributes": {
            "etag": "BwWWe5S5lPI=",
            "id": "c39-txf-sandbox/roles/compute.networkUser/serviceaccount:service-account-data-pipeline@c39-txf-sandbox.iam.gserviceaccount.com",
            "member": "serviceAccount:service-account-data-pipeline@c39-txf-sandbox.iam.gserviceaccount.com",
            "project": "c39-txf-sandbox",
            "role": "roles/compute.networkUser"
          },
          "private": "bnVsbA==",
          "depends_on": [
            "google_service_account.service-project-service-account-data-pipeline"
          ]
        }
      ]
    },
    {
      "mode": "managed",
      "type": "google_project_iam_member",
      "name": "service-project-service-account-data-pipeline-vm",
      "provider": "provider.google",
      "instances": [
        {
          "schema_version": 0,
          "attributes": {
            "etag": "BwWWe5S5lPI=",
            "id": "c39-txf-sandbox/roles/compute.imageUser/serviceaccount:service-account-data-pipeline@c39-txf-sandbox.iam.gserviceaccount.com",
            "member": "serviceAccount:service-account-data-pipeline@c39-txf-sandbox.iam.gserviceaccount.com",
            "project": "c39-txf-sandbox",
            "role": "roles/compute.imageUser"
          },
          "private": "bnVsbA==",
          "depends_on": [
            "google_service_account.service-project-service-account-data-pipeline"
          ]
        }
      ]
    },
    {
      "mode": "managed",
      "type": "google_project_service",
      "name": "cloud-big-query-service",
      "provider": "provider.google",
      "instances": [
        {
          "schema_version": 0,
          "attributes": {
            "disable_dependent_services": null,
            "disable_on_destroy": false,
            "id": "c39-txf-sandbox/bigquery-json.googleapis.com",
            "project": "c39-txf-sandbox",
            "service": "bigquery-json.googleapis.com",
            "timeouts": null
          },
          "private": "eyJlMmJmYjczMC1lY2FhLTExZTYtOGY4OC0zNDM2M2JjN2M0YzAiOnsiY3JlYXRlIjoxMjAwMDAwMDAwMDAwLCJkZWxldGUiOjEyMDAwMDAwMDAwMDAsInJlYWQiOjYwMDAwMDAwMDAwMCwidXBkYXRlIjoxMjAwMDAwMDAwMDAwfX0="
        }
      ]
    },
    {
      "mode": "managed",
      "type": "google_project_service",
      "name": "cloud-function-service",
      "provider": "provider.google",
      "instances": [
        {
          "schema_version": 0,
          "attributes": {
            "disable_dependent_services": null,
            "disable_on_destroy": false,
            "id": "c39-txf-sandbox/cloudfunctions.googleapis.com",
            "project": "c39-txf-sandbox",
            "service": "cloudfunctions.googleapis.com",
            "timeouts": null
          },
          "private": "eyJlMmJmYjczMC1lY2FhLTExZTYtOGY4OC0zNDM2M2JjN2M0YzAiOnsiY3JlYXRlIjoxMjAwMDAwMDAwMDAwLCJkZWxldGUiOjEyMDAwMDAwMDAwMDAsInJlYWQiOjYwMDAwMDAwMDAwMCwidXBkYXRlIjoxMjAwMDAwMDAwMDAwfX0="
        }
      ]
    },
    {
      "mode": "managed",
      "type": "google_project_service",
      "name": "cloud-scheduler-service",
      "provider": "provider.google",
      "instances": [
        {
          "schema_version": 0,
          "attributes": {
            "disable_dependent_services": null,
            "disable_on_destroy": false,
            "id": "c39-txf-sandbox/cloudscheduler.googleapis.com",
            "project": "c39-txf-sandbox",
            "service": "cloudscheduler.googleapis.com",
            "timeouts": null
          },
          "private": "eyJlMmJmYjczMC1lY2FhLTExZTYtOGY4OC0zNDM2M2JjN2M0YzAiOnsiY3JlYXRlIjoxMjAwMDAwMDAwMDAwLCJkZWxldGUiOjEyMDAwMDAwMDAwMDAsInJlYWQiOjYwMDAwMDAwMDAwMCwidXBkYXRlIjoxMjAwMDAwMDAwMDAwfX0="
        }
      ]
    },
    {
      "mode": "managed",
      "type": "google_project_service",
      "name": "cloud-storage-service",
      "provider": "provider.google",
      "instances": [
        {
          "schema_version": 0,
          "attributes": {
            "disable_dependent_services": null,
            "disable_on_destroy": false,
            "id": "c39-txf-sandbox/storage-component.googleapis.com",
            "project": "c39-txf-sandbox",
            "service": "storage-component.googleapis.com",
            "timeouts": null
          },
          "private": "eyJlMmJmYjczMC1lY2FhLTExZTYtOGY4OC0zNDM2M2JjN2M0YzAiOnsiY3JlYXRlIjoxMjAwMDAwMDAwMDAwLCJkZWxldGUiOjEyMDAwMDAwMDAwMDAsInJlYWQiOjYwMDAwMDAwMDAwMCwidXBkYXRlIjoxMjAwMDAwMDAwMDAwfX0="
        }
      ]
    },
    {
      "mode": "managed",
      "type": "google_project_service",
      "name": "dataflow-service",
      "provider": "provider.google",
      "instances": [
        {
          "schema_version": 0,
          "attributes": {
            "disable_dependent_services": null,
            "disable_on_destroy": false,
            "id": "c39-txf-sandbox/dataflow.googleapis.com",
            "project": "c39-txf-sandbox",
            "service": "dataflow.googleapis.com",
            "timeouts": null
          },
          "private": "eyJlMmJmYjczMC1lY2FhLTExZTYtOGY4OC0zNDM2M2JjN2M0YzAiOnsiY3JlYXRlIjoxMjAwMDAwMDAwMDAwLCJkZWxldGUiOjEyMDAwMDAwMDAwMDAsInJlYWQiOjYwMDAwMDAwMDAwMCwidXBkYXRlIjoxMjAwMDAwMDAwMDAwfX0="
        }
      ]
    },
    {
      "mode": "managed",
      "type": "google_service_account",
      "name": "service-project-service-account-data-pipeline",
      "provider": "provider.google",
      "instances": [
        {
          "schema_version": 0,
          "attributes": {
            "account_id": "service-account-data-pipeline",
            "display_name": "Dataflow Service Account for execute Taxfyle data pipeline",
            "email": "service-account-data-pipeline@c39-txf-sandbox.iam.gserviceaccount.com",
            "id": "projects/c39-txf-sandbox/serviceAccounts/service-account-data-pipeline@c39-txf-sandbox.iam.gserviceaccount.com",
            "name": "projects/c39-txf-sandbox/serviceAccounts/service-account-data-pipeline@c39-txf-sandbox.iam.gserviceaccount.com",
            "policy_data": null,
            "project": "c39-txf-sandbox",
            "unique_id": "115056275354401284690"
          },
          "private": "bnVsbA=="
        }
      ]
    },
    {
      "mode": "managed",
      "type": "google_storage_bucket",
      "name": "code-bucket",
      "provider": "provider.google",
      "instances": [
        {
          "schema_version": 0,
          "attributes": {
            "bucket_policy_only": false,
            "cors": [],
            "encryption": [],
            "force_destroy": true,
            "id": "c39-txf-sandbox-code",
            "labels": null,
            "lifecycle_rule": [],
            "location": "US-EAST1",
            "logging": [],
            "name": "c39-txf-sandbox-code",
            "predefined_acl": null,
            "project": "c39-txf-sandbox",
            "requester_pays": false,
            "retention_policy": [],
            "self_link": "https://www.googleapis.com/storage/v1/b/c39-txf-sandbox-code",
            "storage_class": "STANDARD",
            "url": "gs://c39-txf-sandbox-code",
            "versioning": [],
            "website": []
          },
          "private": "bnVsbA==",
          "depends_on": [
            "google_service_account.service-project-service-account-data-pipeline",
            "google_storage_bucket.datalake-bucket"
          ]
        }
      ]
    },
    {
      "mode": "managed",
      "type": "google_storage_bucket",
      "name": "datalake-bucket",
      "provider": "provider.google",
      "instances": [
        {
          "schema_version": 0,
          "attributes": {
            "bucket_policy_only": false,
            "cors": [],
            "encryption": [],
            "force_destroy": true,
            "id": "c39-txf-sandbox-datalake",
            "labels": null,
            "lifecycle_rule": [],
            "location": "US-EAST1",
            "logging": [],
            "name": "c39-txf-sandbox-datalake",
            "predefined_acl": null,
            "project": "c39-txf-sandbox",
            "requester_pays": false,
            "retention_policy": [],
            "self_link": "https://www.googleapis.com/storage/v1/b/c39-txf-sandbox-datalake",
            "storage_class": "STANDARD",
            "url": "gs://c39-txf-sandbox-datalake",
            "versioning": [],
            "website": []
          },
          "private": "bnVsbA=="
        }
      ]
    },
    {
      "mode": "managed",
      "type": "google_storage_bucket",
      "name": "etl-tfstate-bucket",
      "provider": "provider.google",
      "instances": [
        {
          "schema_version": 0,
          "attributes": {
            "bucket_policy_only": false,
            "cors": [],
            "encryption": [],
            "force_destroy": true,
            "id": "c39-txf-sandbox-etl-tfstate",
            "labels": null,
            "lifecycle_rule": [],
            "location": "US-EAST1",
            "logging": [],
            "name": "c39-txf-sandbox-etl-tfstate",
            "predefined_acl": null,
            "project": "c39-txf-sandbox",
            "requester_pays": false,
            "retention_policy": [],
            "self_link": "https://www.googleapis.com/storage/v1/b/c39-txf-sandbox-etl-tfstate",
            "storage_class": "STANDARD",
            "url": "gs://c39-txf-sandbox-etl-tfstate",
            "versioning": [],
            "website": []
          },
          "private": "bnVsbA=="
        }
      ]
    },
    {
      "mode": "managed",
      "type": "google_storage_bucket_object",
      "name": "trigger-function-zip",
      "provider": "provider.google",
      "instances": [
        {
          "schema_version": 0,
          "attributes": {
            "bucket": "c39-txf-sandbox-code",
            "cache_control": "",
            "content": null,
            "content_disposition": "",
            "content_encoding": "",
            "content_language": "",
            "content_type": "application/zip",
            "crc32c": "DD/vdA==",
            "detect_md5hash": "nKmCnjQ8FfTJDTnsP0khEQ==",
            "id": "c39-txf-sandbox-code-trigger_function.zip",
            "md5hash": "nKmCnjQ8FfTJDTnsP0khEQ==",
            "name": "trigger_function.zip",
            "output_name": "trigger_function.zip",
            "predefined_acl": null,
            "self_link": "https://www.googleapis.com/storage/v1/b/c39-txf-sandbox-code/o/trigger_function.zip",
            "source": "./code/trigger_function.zip",
            "storage_class": "STANDARD"
          },
          "private": "bnVsbA==",
          "depends_on": [
            "google_storage_bucket.code-bucket"
          ]
        }
      ]
    },
    {
      "mode": "managed",
      "type": "tls_private_key",
      "name": "ssh-key",
      "provider": "provider.tls",
      "instances": [
        {
          "schema_version": 0,
          "attributes": {
            "algorithm": "RSA",
            "ecdsa_curve": "P224",
            "id": "15763d72b21d2598900f961dd363f913b73de101",
            "private_key_pem": "-----BEGIN RSA PRIVATE KEY-----\nMIIJKQIBAAKCAgEAwQ4IjdktAexifTx30ExrF35yetHgsIL86P7hs4Xro3pA3Lq6\notW5M6f4cPTxiwZPXg0bpSFDhi4U3Ac/xL/9+Tfb6+zQRmW48l1cTbYKAiCrMYog\nSAjDVTvIH27CGRWpMfDmkpMKo0gOejeHb0Re3ar3BzyB14/qnS3fTVRgQS0YChQV\ncc8JX/WjmVW9bXRmExjHJcNnBR/KA9VqMKWSVN5GOtHZVbtkfBCDPU/ubbHcV7Ec\nAy4Cv6fLbCxB6h7LWMjs+s3U5yrX4FuKb4F5gc0fU/lJEdezNxqqhgNAHr6Tkbdu\n1nz7PeyrL8CrhlhdR5nvnk+YelxCPMm46AvgNXiPTKn2Ozji6XmiHs7bo7FYh/Tv\nauQs0f+ssCiXdYYUYASO3Gpxl4gIYRRs0Q0rF+lp5N/zJwfpTBGZYvwmQ2vAuTSO\nbmV1PFoIidkIbINVoOuxNukhmD8wyrtg4f7wbNrOLzJuRjYpH9X44Eat+oiUSpQN\nxGIoyggfnP7KJA/z35+SsRGVL/YPEKU8Ix7xt5VxceQR+BPUUrZQFeWiL8M7MnBs\nVtcfp7i3amctKRNdcSuwOcos0rQ7QBeKxPBGUGC7fpaKa1kDDUUQj3bIHgRWV9nE\nAO452AWYdI6UFvcXicrJHlPIKv1D8aunScvCeTBmsFr1XnEoldvazcR9SYsCAwEA\nAQKCAgEAqibWPz9kvcc8XykGaN6RnNljyQBmSuyIQEs1Xmbwcttzg5hImvBIFVE8\nVUJuCZx8I2bmMLqKqx6+X9c7ywt0q00iVmQYhZNuWJ8UlaGWXJ2yhS06moKuttbD\n4YBbLoS65Ttv3UwgGh2ONQXwJo9aFYFzzDr2Lam4nOQrZhqx43/9KhTdebuChcMY\neDLrjCcFOFukWpJIoGmOQaa9uzaTLJ3jxD/kj/1j6T0cjtN+T8xtahS9ncfVwFoB\nnsu7JMATdaNRyxPTTBOkxSepcfHpyA+kRvz1+/XjDPRBy2/d+br6kXndBMqPHdsU\nXjgwdW44eL0iRqPcvivGbZFVmZ+t8amgn5fjf8R1uwhWs1cJzHMS3pfU3sZgd3Nq\nC/A8vMcw4prOnECuUYFbifYKwPilUXFKolti5ypvjd3+zehj5xZjo5yxbaI2Kfjz\nPWsZyBze58cqNNqh96w0bajzuFGMaK/oXbYi88Y13NAhJzmm23Q5hguZ+/Ws1rfr\nofPis/tX0Y4hJYplh7NMaQoL2KDl7gWxjTT8AKtoL74Y41GR08FVhufeaCITFycS\nG3zncgi53Wf7EOsveJLK36LL+q1BgWJBR18TiPmlk/3u/edAo5UKrmSPE1QlHDH9\nC0yJB7wKWKHvHQADpj3Jmv3FnXb64oIknOBiowRbE+uPMhnGv8ECggEBAMygqTqN\nhiaMRdgS2M4EBpcfyj9nN7hP6Iucdr6FfGHlgoGzLlruok6CV25oeq6yHdigG7P7\n1S/QCs2sn8VAiXFVkB117Ur1rRcgdmlkIidM69ZJOBQlfh6xAiKOJMHfn4SOavzZ\n506Qh4PIXdq+feCKlA+AdWIx/gP9jFqNOqGFlkruBfdCkxyQkmriYmup0cY9ThTV\nqUCOs6Aau4Ejq3JsE7Z8wHdl8UgjjmaZbXUmG0q+fazEd6r7P/DkLMo0Grbi+Dwk\nZfvDIIJeIEblzDK7EAAIQHlARwmahyrtjMe312rvzGt8oopGLJDUd8kJt2nGJqe9\ng2IFlhJRNfGIe7ECggEBAPGFmFgXiqPZ9gMt++ti7AOvAWZqKoYA/3RJhhYZU2dC\nFU+njh423m2TtXywo67ilyrtfc0pFFuXoIc+X5rW32+dWSYtdQ8ZodOPnKqZeJdN\ng/EHUzRLl7p+BS9TvVkgLhXrLessLN8PywFVJaXaLE8FkDz799wbFZDfmoXHSaZB\nxIWs8J2zFmyJr8+W0opIVjlKF4fSeUlIbRxJSm0xi5Q2utLEUokxyYp2r4S3gzUA\nXFCKF+rzxyPKiJPfyXQU/7oyZe1b46P5CFIci6XsSbEi/87A2Vv3uuEg7OUN1I7L\nQggGoyG4xXQVDVcGW9n2s1c/GcnFL3CK1teAi2Iz8/sCggEALgUX6h44BGVZs92R\nOsv2+3ff0WCSTHZUM0nN/s0gixfFwQueKj8u638u0JrYtH9EbRqdAF5rtKQSOe1P\nxVndT0rR7X4/DrOv6NqZJtypPbNz+q5e2VERSy+97i2PoLZ9Np+c+h67gZTJlV6z\nlOVwg9ZGtDHMtHfPy+/y586JWBgmE9XyK4iiczMkartdLR91GSNicxcWSHmPdjts\n3f86qLIbwNfPpUqc9/9fID3zOvyF+Mpck0VgMGjvGWsHk7YiJ+1lrIj3EqbwocEv\neyJlSSd+0rMIZPyKvWMucP4ZwjTbUqZ5j9bo6zYbAbt28RSpVjWFLgZWDO56sMXo\n3tg2EQKCAQEA06rdpPaczpTLAmZejiCX73KEq5kHw4FEYEm/dcakTa6gtrqF1v0H\nWslFGQ5FpZN4IGsbAZ6q9MqiKWUErNL75vnjk43rNVylcqA+EVWHVjLdG3Pr+7z0\nMMEZEi01mNKXESaXi6+fc66Hn5db80qN4oNhsdCxnPkvoVQWPIA3j7m73dt+1PaL\nBHx21Fu+EOrshjDlBmfzW8JZvZyN2by+Mxr0CJt+Kja0BuGVWZ7rIpw6S2t7IrKb\nKEbsA4zxJQbyR+C7a5ZInwA1xqC10qiOvOuLfUuOMwedhIgylVvVmX+RUy9d8MPa\naK26jzZHcXLAIgpvM2HY/azwNNW3Uk1t2QKCAQBjBgA6u8jSzYwEhln7V1lrrY75\n5Ub0JNhjrkduImhSv43zlaXMjffBlcyi+9uOel3lY0ton+AipCrWtpg7wYYpvpYg\na17D8lIbC06XV6gfRuWvsSESoZSFGkqZuQg3uNdqbP7Tv/GNWQ2z+cObLJA9IErz\n3XE0C8NYtu4X/ZNTBHn1cXmyiGuUoZFIE4WII7nXoLGCmNVMvfHMjMv7LhqVtay6\njqi78TNw/OQxxBUlOu/7q84tDpLeJDF2CpNlbGEble7kapywXhHXSEQbAtEaKWE+\nM51+mev+Jag3HJBarYN31ox4G4ElRIMyxsBj4T9+IUAcZKKN5EEsL5SrvjeT\n-----END RSA PRIVATE KEY-----\n",
            "public_key_fingerprint_md5": "42:4b:9f:4d:61:d9:cd:13:ab:45:b3:e4:c6:ed:52:51",
            "public_key_openssh": "ssh-rsa AAAAB3NzaC1yc2EAAAADAQABAAACAQDBDgiN2S0B7GJ9PHfQTGsXfnJ60eCwgvzo/uGzheujekDcurqi1bkzp/hw9PGLBk9eDRulIUOGLhTcBz/Ev/35N9vr7NBGZbjyXVxNtgoCIKsxiiBICMNVO8gfbsIZFakx8OaSkwqjSA56N4dvRF7dqvcHPIHXj+qdLd9NVGBBLRgKFBVxzwlf9aOZVb1tdGYTGMclw2cFH8oD1WowpZJU3kY60dlVu2R8EIM9T+5tsdxXsRwDLgK/p8tsLEHqHstYyOz6zdTnKtfgW4pvgXmBzR9T+UkR17M3GqqGA0AevpORt27WfPs97KsvwKuGWF1Hme+eT5h6XEI8ybjoC+A1eI9MqfY7OOLpeaIeztujsViH9O9q5CzR/6ywKJd1hhRgBI7canGXiAhhFGzRDSsX6Wnk3/MnB+lMEZli/CZDa8C5NI5uZXU8WgiJ2Qhsg1Wg67E26SGYPzDKu2Dh/vBs2s4vMm5GNikf1fjgRq36iJRKlA3EYijKCB+c/sokD/Pfn5KxEZUv9g8QpTwjHvG3lXFx5BH4E9RStlAV5aIvwzsycGxW1x+nuLdqZy0pE11xK7A5yizStDtAF4rE8EZQYLt+loprWQMNRRCPdsgeBFZX2cQA7jnYBZh0jpQW9xeJyskeU8gq/UPxq6dJy8J5MGawWvVecSiV29rNxH1Jiw==\n",
            "public_key_pem": "-----BEGIN PUBLIC KEY-----\nMIICIjANBgkqhkiG9w0BAQEFAAOCAg8AMIICCgKCAgEAwQ4IjdktAexifTx30Exr\nF35yetHgsIL86P7hs4Xro3pA3Lq6otW5M6f4cPTxiwZPXg0bpSFDhi4U3Ac/xL/9\n+Tfb6+zQRmW48l1cTbYKAiCrMYogSAjDVTvIH27CGRWpMfDmkpMKo0gOejeHb0Re\n3ar3BzyB14/qnS3fTVRgQS0YChQVcc8JX/WjmVW9bXRmExjHJcNnBR/KA9VqMKWS\nVN5GOtHZVbtkfBCDPU/ubbHcV7EcAy4Cv6fLbCxB6h7LWMjs+s3U5yrX4FuKb4F5\ngc0fU/lJEdezNxqqhgNAHr6Tkbdu1nz7PeyrL8CrhlhdR5nvnk+YelxCPMm46Avg\nNXiPTKn2Ozji6XmiHs7bo7FYh/TvauQs0f+ssCiXdYYUYASO3Gpxl4gIYRRs0Q0r\nF+lp5N/zJwfpTBGZYvwmQ2vAuTSObmV1PFoIidkIbINVoOuxNukhmD8wyrtg4f7w\nbNrOLzJuRjYpH9X44Eat+oiUSpQNxGIoyggfnP7KJA/z35+SsRGVL/YPEKU8Ix7x\nt5VxceQR+BPUUrZQFeWiL8M7MnBsVtcfp7i3amctKRNdcSuwOcos0rQ7QBeKxPBG\nUGC7fpaKa1kDDUUQj3bIHgRWV9nEAO452AWYdI6UFvcXicrJHlPIKv1D8aunScvC\neTBmsFr1XnEoldvazcR9SYsCAwEAAQ==\n-----END PUBLIC KEY-----\n",
            "rsa_bits": 4096
          },
          "private": "bnVsbA=="
        }
      ]
    }
  ]
}
