{
  "version": 4,
  "terraform_version": "0.12.12",
  "serial": 490,
  "lineage": "1ef59702-96d0-1656-798b-65de1200d0fb",
  "outputs": {},
  "resources": [
    {
      "mode": "managed",
      "type": "google_bigquery_dataset",
      "name": "dataset",
      "provider": "provider.google",
      "instances": [
        {
          "schema_version": 0,
          "attributes": {
            "access": [
              {
                "domain": "",
                "group_by_email": "",
                "role": "OWNER",
                "special_group": "",
                "user_by_email": "ariel.gonzalez@cloud39.co",
                "view": []
              },
              {
                "domain": "",
                "group_by_email": "",
                "role": "OWNER",
                "special_group": "projectOwners",
                "user_by_email": "",
                "view": []
              },
              {
                "domain": "",
                "group_by_email": "",
                "role": "READER",
                "special_group": "projectReaders",
                "user_by_email": "",
                "view": []
              },
              {
                "domain": "",
                "group_by_email": "",
                "role": "WRITER",
                "special_group": "projectWriters",
                "user_by_email": "",
                "view": []
              }
            ],
            "creation_time": 1572543431846,
            "dataset_id": "main_dwh",
            "default_encryption_configuration": [],
            "default_partition_expiration_ms": 0,
            "default_table_expiration_ms": 3600000,
            "delete_contents_on_destroy": false,
            "description": "Taxfyle main data warehouse dataset",
            "etag": "T4m4T1qbr82LyzKD71BMwA==",
            "friendly_name": "main_dwh",
            "id": "taxfyle-qa-data:main_dwh",
            "labels": {},
            "last_modified_time": 1572543431846,
            "location": "US",
            "project": "taxfyle-qa-data",
            "self_link": "https://www.googleapis.com/bigquery/v2/projects/taxfyle-qa-data/datasets/main_dwh",
            "timeouts": null
          }
        }
      ]
    },
    {
      "mode": "managed",
      "type": "google_cloud_scheduler_job",
      "name": "dataflow_trigger",
      "provider": "provider.google",
      "instances": []
    },
    {
      "mode": "managed",
      "type": "google_cloudfunctions_function",
      "name": "trigger-pipeline-template-function",
      "provider": "provider.google",
      "instances": []
    },
    {
      "mode": "managed",
      "type": "google_compute_shared_vpc_host_project",
      "name": "main",
      "provider": "provider.google",
      "instances": [
        {
          "schema_version": 0,
          "attributes": {
            "id": "taxfyle-qa",
            "project": "taxfyle-qa"
          }
        }
      ]
    },
    {
      "mode": "managed",
      "type": "google_compute_shared_vpc_service_project",
      "name": "data",
      "provider": "provider.google",
      "instances": []
    },
    {
      "mode": "managed",
      "type": "google_compute_subnetwork_iam_binding",
      "name": "subnet",
      "provider": "provider.google",
      "instances": []
    },
    {
      "mode": "managed",
      "type": "google_project_iam_member",
      "name": "host-project-service-account-data-pipeline-shared-vpc",
      "provider": "provider.google",
      "instances": []
    },
    {
      "mode": "managed",
      "type": "google_project_iam_member",
      "name": "host-project-service-account-data-pipeline-sql-client",
      "provider": "provider.google",
      "instances": []
    },
    {
      "mode": "managed",
      "type": "google_project_iam_member",
      "name": "service-project-service-account-data-pipeline-admin-bq",
      "provider": "provider.google",
      "instances": []
    },
    {
      "mode": "managed",
      "type": "google_project_iam_member",
      "name": "service-project-service-account-data-pipeline-admin-buckets",
      "provider": "provider.google",
      "instances": []
    },
    {
      "mode": "managed",
      "type": "google_project_iam_member",
      "name": "service-project-service-account-data-pipeline-df-worker",
      "provider": "provider.google",
      "instances": []
    },
    {
      "mode": "managed",
      "type": "google_project_iam_member",
      "name": "service-project-service-account-data-pipeline-shared-vpc",
      "provider": "provider.google",
      "instances": []
    },
    {
      "mode": "managed",
      "type": "google_project_service",
      "name": "cloud-big-query-service",
      "provider": "provider.google",
      "instances": []
    },
    {
      "mode": "managed",
      "type": "google_project_service",
      "name": "cloud-function-service",
      "provider": "provider.google",
      "instances": []
    },
    {
      "mode": "managed",
      "type": "google_project_service",
      "name": "cloud-scheduler-service",
      "provider": "provider.google",
      "instances": []
    },
    {
      "mode": "managed",
      "type": "google_project_service",
      "name": "cloud-storage-service",
      "provider": "provider.google",
      "instances": []
    },
    {
      "mode": "managed",
      "type": "google_project_service",
      "name": "dataflow-service",
      "provider": "provider.google",
      "instances": []
    },
    {
      "mode": "managed",
      "type": "google_service_account",
      "name": "service-project-service-account-data-pipeline",
      "provider": "provider.google",
      "instances": []
    },
    {
      "mode": "managed",
      "type": "google_storage_bucket",
      "name": "code-bucket",
      "provider": "provider.google",
      "instances": []
    },
    {
      "mode": "managed",
      "type": "google_storage_bucket",
      "name": "datalake-bucket",
      "provider": "provider.google",
      "instances": []
    },
    {
      "mode": "managed",
      "type": "google_storage_bucket",
      "name": "etl-tfstate-bucket",
      "provider": "provider.google",
      "instances": []
    },
    {
      "mode": "managed",
      "type": "google_storage_bucket_object",
      "name": "trigger-function-zip",
      "provider": "provider.google",
      "instances": []
    }
  ]
}
