{
  "version": 4,
  "terraform_version": "0.12.9",
  "serial": 151,
  "lineage": "56d1d484-1a8b-3f22-8dc0-784603284cc4",
  "outputs": {},
  "resources": [
    {
      "mode": "managed",
      "type": "google_bigquery_dataset",
      "name": "dataset",
      "provider": "provider.google",
      "instances": [
        {
          "schema_version": 0,
          "attributes": {
            "access": [
              {
                "domain": "",
                "group_by_email": "",
                "role": "OWNER",
                "special_group": "",
                "user_by_email": "ariel.gonzalez@cloud39.co",
                "view": []
              },
              {
                "domain": "",
                "group_by_email": "",
                "role": "OWNER",
                "special_group": "projectOwners",
                "user_by_email": "",
                "view": []
              },
              {
                "domain": "",
                "group_by_email": "",
                "role": "READER",
                "special_group": "projectReaders",
                "user_by_email": "",
                "view": []
              },
              {
                "domain": "",
                "group_by_email": "",
                "role": "WRITER",
                "special_group": "projectWriters",
                "user_by_email": "",
                "view": []
              }
            ],
            "creation_time": 1571338126444,
            "dataset_id": "main_dwh",
            "default_encryption_configuration": [],
            "default_partition_expiration_ms": 0,
            "default_table_expiration_ms": 3600000,
            "delete_contents_on_destroy": false,
            "description": "Taxfyle main data warehouse dataset",
            "etag": "Wi8RZ4Oph72Yvi1xvHH3yA==",
            "friendly_name": "main_dwh",
            "id": "c39-txf-sandbox:main_dwh",
            "labels": null,
            "last_modified_time": 1571338126444,
            "location": "US",
            "project": "c39-txf-sandbox",
            "self_link": "https://www.googleapis.com/bigquery/v2/projects/c39-txf-sandbox/datasets/main_dwh",
            "timeouts": null
          },
          "private": "eyJlMmJmYjczMC1lY2FhLTExZTYtOGY4OC0zNDM2M2JjN2M0YzAiOnsiY3JlYXRlIjoyNDAwMDAwMDAwMDAsImRlbGV0ZSI6MjQwMDAwMDAwMDAwLCJ1cGRhdGUiOjI0MDAwMDAwMDAwMH19"
        }
      ]
    },
    {
      "mode": "managed",
      "type": "google_compute_network",
      "name": "vpc_network",
      "provider": "provider.google",
      "instances": [
        {
          "schema_version": 0,
          "attributes": {
            "auto_create_subnetworks": false,
            "delete_default_routes_on_create": false,
            "description": "",
            "gateway_ipv4": "",
            "id": "txf-shared-vpc-network",
            "ipv4_range": "",
            "name": "txf-shared-vpc-network",
            "project": "cloud39-sandbox",
            "routing_mode": "REGIONAL",
            "self_link": "https://www.googleapis.com/compute/v1/projects/cloud39-sandbox/global/networks/txf-shared-vpc-network",
            "timeouts": null
          },
          "private": "eyJlMmJmYjczMC1lY2FhLTExZTYtOGY4OC0zNDM2M2JjN2M0YzAiOnsiY3JlYXRlIjoyNDAwMDAwMDAwMDAsImRlbGV0ZSI6MjQwMDAwMDAwMDAwLCJ1cGRhdGUiOjI0MDAwMDAwMDAwMH19"
        }
      ]
    },
    {
      "mode": "managed",
      "type": "google_compute_shared_vpc_host_project",
      "name": "main",
      "provider": "provider.google",
      "instances": [
        {
          "schema_version": 0,
          "attributes": {
            "id": "cloud39-sandbox",
            "project": "cloud39-sandbox"
          },
          "private": "bnVsbA=="
        }
      ]
    },
    {
      "mode": "managed",
      "type": "google_compute_shared_vpc_service_project",
      "name": "data",
      "provider": "provider.google",
      "instances": [
        {
          "schema_version": 0,
          "attributes": {
            "host_project": "cloud39-sandbox",
            "id": "cloud39-sandbox/c39-txf-sandbox",
            "service_project": "c39-txf-sandbox"
          },
          "private": "bnVsbA==",
          "depends_on": [
            "google_compute_shared_vpc_host_project.main"
          ]
        }
      ]
    },
    {
      "mode": "managed",
      "type": "google_compute_subnetwork",
      "name": "vpc-subnetwork",
      "provider": "provider.google",
      "instances": [
        {
          "schema_version": 0,
          "attributes": {
            "creation_timestamp": "2019-10-17T11:49:13.429-07:00",
            "description": "",
            "enable_flow_logs": false,
            "fingerprint": "Pf5s2oalPJI=",
            "gateway_address": "192.168.0.1",
            "id": "us-east1/txf-shared-vpc-subnetwork",
            "ip_cidr_range": "192.168.0.0/16",
            "name": "txf-shared-vpc-subnetwork",
            "network": "https://www.googleapis.com/compute/v1/projects/cloud39-sandbox/global/networks/txf-shared-vpc-network",
            "private_ip_google_access": false,
            "project": "cloud39-sandbox",
            "region": "us-east1",
            "secondary_ip_range": [],
            "self_link": "https://www.googleapis.com/compute/v1/projects/cloud39-sandbox/regions/us-east1/subnetworks/txf-shared-vpc-subnetwork",
            "timeouts": null
          },
          "private": "eyJlMmJmYjczMC1lY2FhLTExZTYtOGY4OC0zNDM2M2JjN2M0YzAiOnsiY3JlYXRlIjozNjAwMDAwMDAwMDAsImRlbGV0ZSI6MzYwMDAwMDAwMDAwLCJ1cGRhdGUiOjM2MDAwMDAwMDAwMH19",
          "depends_on": [
            "google_compute_network.vpc_network"
          ]
        }
      ]
    },
    {
      "mode": "managed",
      "type": "google_project_service",
      "name": "dataflow-service",
      "provider": "provider.google",
      "instances": [
        {
          "schema_version": 0,
          "attributes": {
            "disable_dependent_services": true,
            "disable_on_destroy": true,
            "id": "c39-txf-sandbox/dataflow.googleapis.com",
            "project": "c39-txf-sandbox",
            "service": "dataflow.googleapis.com",
            "timeouts": null
          },
          "private": "eyJlMmJmYjczMC1lY2FhLTExZTYtOGY4OC0zNDM2M2JjN2M0YzAiOnsiY3JlYXRlIjoxMjAwMDAwMDAwMDAwLCJkZWxldGUiOjEyMDAwMDAwMDAwMDAsInJlYWQiOjYwMDAwMDAwMDAwMCwidXBkYXRlIjoxMjAwMDAwMDAwMDAwfX0="
        }
      ]
    },
    {
      "mode": "managed",
      "type": "google_storage_bucket",
      "name": "datalake-bucket",
      "provider": "provider.google",
      "instances": [
        {
          "schema_version": 0,
          "attributes": {
            "bucket_policy_only": false,
            "cors": [],
            "encryption": [],
            "force_destroy": false,
            "id": "c39-txf-sandbox-datalake",
            "labels": null,
            "lifecycle_rule": [],
            "location": "US",
            "logging": [],
            "name": "c39-txf-sandbox-datalake",
            "predefined_acl": null,
            "project": "c39-txf-sandbox",
            "requester_pays": false,
            "retention_policy": [],
            "self_link": "https://www.googleapis.com/storage/v1/b/c39-txf-sandbox-datalake",
            "storage_class": "STANDARD",
            "url": "gs://c39-txf-sandbox-datalake",
            "versioning": [],
            "website": []
          },
          "private": "bnVsbA=="
        }
      ]
    }
  ]
}
