{
  "version": 4,
  "terraform_version": "0.12.12",
  "serial": 3192,
  "lineage": "56d1d484-1a8b-3f22-8dc0-784603284cc4",
  "outputs": {},
  "resources": [
    {
      "mode": "data",
      "type": "archive_file",
      "name": "trigger-function",
      "provider": "provider.archive",
      "instances": [
        {
          "schema_version": 0,
          "attributes": {
            "excludes": null,
            "id": "7b4d0f3c68e06910c62c117e54fe607c1eedf74a",
            "output_base64sha256": "n5GCU11p1zBfX/wsMojlNVmn5Q7q8QGB6sPKMXg0pvU=",
            "output_md5": "fccbbeac6cb44a54d666320c95d2b630",
            "output_path": "./code/trigger_function.zip",
            "output_sha": "7b4d0f3c68e06910c62c117e54fe607c1eedf74a",
            "output_size": 1090,
            "source": [],
            "source_content": null,
            "source_content_filename": null,
            "source_dir": "./../../code/trigger_function",
            "source_file": null,
            "type": "zip"
          }
        }
      ]
    },
    {
      "mode": "managed",
      "type": "google_bigquery_dataset",
      "name": "dataset",
      "provider": "provider.google",
      "instances": [
        {
          "schema_version": 0,
          "attributes": {
            "access": [
              {
                "domain": "",
                "group_by_email": "",
                "role": "OWNER",
                "special_group": "",
                "user_by_email": "ariel.gonzalez@cloud39.co",
                "view": []
              },
              {
                "domain": "",
                "group_by_email": "",
                "role": "OWNER",
                "special_group": "projectOwners",
                "user_by_email": "",
                "view": []
              },
              {
                "domain": "",
                "group_by_email": "",
                "role": "READER",
                "special_group": "projectReaders",
                "user_by_email": "",
                "view": []
              },
              {
                "domain": "",
                "group_by_email": "",
                "role": "WRITER",
                "special_group": "projectWriters",
                "user_by_email": "",
                "view": []
              }
            ],
            "creation_time": 1572400571595,
            "dataset_id": "main_dwh",
            "default_encryption_configuration": [],
            "default_partition_expiration_ms": 0,
            "default_table_expiration_ms": 3600000,
            "delete_contents_on_destroy": false,
            "description": "Taxfyle main data warehouse dataset",
            "etag": "sCExtZimri7xNcMjBzd13A==",
            "friendly_name": "main_dwh",
            "id": "c39-txf-sandbox:main_dwh",
            "labels": null,
            "last_modified_time": 1572400571595,
            "location": "US",
            "project": "c39-txf-sandbox",
            "self_link": "https://www.googleapis.com/bigquery/v2/projects/c39-txf-sandbox/datasets/main_dwh",
            "timeouts": null
          },
          "private": "eyJlMmJmYjczMC1lY2FhLTExZTYtOGY4OC0zNDM2M2JjN2M0YzAiOnsiY3JlYXRlIjoyNDAwMDAwMDAwMDAsImRlbGV0ZSI6MjQwMDAwMDAwMDAwLCJ1cGRhdGUiOjI0MDAwMDAwMDAwMH19"
        }
      ]
    },
    {
      "mode": "managed",
      "type": "google_cloud_scheduler_job",
      "name": "dataflow_trigger",
      "provider": "provider.google",
      "instances": [
        {
          "schema_version": 0,
          "attributes": {
            "app_engine_http_target": [],
            "description": "",
            "http_target": [
              {
                "body": "eyJwYXJhbWV0ZXJzIjp7InJlZ2lvbiI6InVzLWVhc3QxIiwidGVtcGxhdGVfYnVxdWV0IjoiYzM5LXR4Zi1zYW5kYm94LWNvZGUiLCJ0ZW1wbGF0ZV9uYW1lIjoiIn19",
                "headers": null,
                "http_method": "POST",
                "oauth_token": [],
                "oidc_token": [],
                "uri": "https://us-east1-c39-txf-sandbox.cloudfunctions.net/trigger-pipeline-template-function"
              }
            ],
            "id": "dataflow-scheduler-job",
            "name": "dataflow-scheduler-job",
            "project": "c39-txf-sandbox",
            "pubsub_target": [],
            "region": "us-east1",
            "retry_config": [],
            "schedule": "*/20 * * * *",
            "time_zone": "America/New_York",
            "timeouts": null
          },
          "private": "eyJlMmJmYjczMC1lY2FhLTExZTYtOGY4OC0zNDM2M2JjN2M0YzAiOnsiY3JlYXRlIjoyNDAwMDAwMDAwMDAsImRlbGV0ZSI6MjQwMDAwMDAwMDAwfX0=",
          "depends_on": [
            "google_cloudfunctions_function.trigger-pipeline-template-function",
            "google_project_service.cloud-scheduler-service",
            "google_storage_bucket.code-bucket"
          ]
        }
      ]
    },
    {
      "mode": "managed",
      "type": "google_cloudfunctions_function",
      "name": "trigger-pipeline-template-function",
      "provider": "provider.google",
      "instances": [
        {
          "schema_version": 0,
          "attributes": {
            "available_memory_mb": 256,
            "description": "Trigger pipeline template execution in dataflow to read data from database in project: cloud39-sandbox then write data to BigQuery and DataStorage in project: c39-txf-sandbox",
            "entry_point": "executeTemplateInDataflow",
            "environment_variables": null,
            "event_trigger": [],
            "https_trigger_url": "https://us-east1-c39-txf-sandbox.cloudfunctions.net/trigger-pipeline-template-function",
            "id": "c39-txf-sandbox/us-east1/trigger-pipeline-template-function",
            "labels": null,
            "max_instances": 0,
            "name": "trigger-pipeline-template-function",
            "project": "c39-txf-sandbox",
            "region": "us-east1",
            "runtime": "nodejs8",
            "service_account_email": "c39-txf-sandbox@appspot.gserviceaccount.com",
            "source_archive_bucket": "c39-txf-sandbox-code",
            "source_archive_object": "trigger_function.zip",
            "source_repository": [],
            "timeout": 60,
            "timeouts": null,
            "trigger_bucket": null,
            "trigger_http": true,
            "trigger_topic": null,
            "vpc_connector": ""
          },
          "private": "eyJlMmJmYjczMC1lY2FhLTExZTYtOGY4OC0zNDM2M2JjN2M0YzAiOnsiY3JlYXRlIjozMDAwMDAwMDAwMDAsImRlbGV0ZSI6MzAwMDAwMDAwMDAwLCJyZWFkIjozMDAwMDAwMDAwMDB9fQ==",
          "depends_on": [
            "google_project_service.cloud-function-service",
            "google_storage_bucket.code-bucket",
            "google_storage_bucket_object.trigger-function-zip"
          ]
        }
      ]
    },
    {
      "mode": "managed",
      "type": "google_compute_shared_vpc_host_project",
      "name": "main",
      "provider": "provider.google",
      "instances": [
        {
          "schema_version": 0,
          "attributes": {
            "id": "cloud39-sandbox",
            "project": "cloud39-sandbox"
          },
          "private": "bnVsbA=="
        }
      ]
    },
    {
      "mode": "managed",
      "type": "google_compute_shared_vpc_service_project",
      "name": "data",
      "provider": "provider.google",
      "instances": [
        {
          "schema_version": 0,
          "attributes": {
            "host_project": "cloud39-sandbox",
            "id": "cloud39-sandbox/c39-txf-sandbox",
            "service_project": "c39-txf-sandbox"
          },
          "private": "bnVsbA==",
          "depends_on": [
            "google_compute_shared_vpc_host_project.main"
          ]
        }
      ]
    },
    {
      "mode": "managed",
      "type": "google_project_service",
      "name": "cloud-function-service",
      "provider": "provider.google",
      "instances": [
        {
          "schema_version": 0,
          "attributes": {
            "disable_dependent_services": true,
            "disable_on_destroy": true,
            "id": "c39-txf-sandbox/cloudfunctions.googleapis.com",
            "project": "c39-txf-sandbox",
            "service": "cloudfunctions.googleapis.com",
            "timeouts": null
          },
          "private": "eyJlMmJmYjczMC1lY2FhLTExZTYtOGY4OC0zNDM2M2JjN2M0YzAiOnsiY3JlYXRlIjoxMjAwMDAwMDAwMDAwLCJkZWxldGUiOjEyMDAwMDAwMDAwMDAsInJlYWQiOjYwMDAwMDAwMDAwMCwidXBkYXRlIjoxMjAwMDAwMDAwMDAwfX0="
        }
      ]
    },
    {
      "mode": "managed",
      "type": "google_project_service",
      "name": "cloud-scheduler-service",
      "provider": "provider.google",
      "instances": [
        {
          "schema_version": 0,
          "attributes": {
            "disable_dependent_services": true,
            "disable_on_destroy": true,
            "id": "c39-txf-sandbox/cloudscheduler.googleapis.com",
            "project": "c39-txf-sandbox",
            "service": "cloudscheduler.googleapis.com",
            "timeouts": null
          },
          "private": "eyJlMmJmYjczMC1lY2FhLTExZTYtOGY4OC0zNDM2M2JjN2M0YzAiOnsiY3JlYXRlIjoxMjAwMDAwMDAwMDAwLCJkZWxldGUiOjEyMDAwMDAwMDAwMDAsInJlYWQiOjYwMDAwMDAwMDAwMCwidXBkYXRlIjoxMjAwMDAwMDAwMDAwfX0="
        }
      ]
    },
    {
      "mode": "managed",
      "type": "google_project_service",
      "name": "dataflow-service",
      "provider": "provider.google",
      "instances": [
        {
          "schema_version": 0,
          "attributes": {
            "disable_dependent_services": true,
            "disable_on_destroy": true,
            "id": "c39-txf-sandbox/dataflow.googleapis.com",
            "project": "c39-txf-sandbox",
            "service": "dataflow.googleapis.com",
            "timeouts": null
          },
          "private": "eyJlMmJmYjczMC1lY2FhLTExZTYtOGY4OC0zNDM2M2JjN2M0YzAiOnsiY3JlYXRlIjoxMjAwMDAwMDAwMDAwLCJkZWxldGUiOjEyMDAwMDAwMDAwMDAsInJlYWQiOjYwMDAwMDAwMDAwMCwidXBkYXRlIjoxMjAwMDAwMDAwMDAwfX0="
        }
      ]
    },
    {
      "mode": "managed",
      "type": "google_pubsub_topic",
      "name": "dataflow-job-topic",
      "provider": "provider.google",
      "instances": [
        {
          "schema_version": 0,
          "attributes": {
            "id": "projects/c39-txf-sandbox/topics/dataflow-job-topic",
            "kms_key_name": "",
            "labels": null,
            "message_storage_policy": [],
            "name": "dataflow-job-topic",
            "project": "c39-txf-sandbox",
            "timeouts": null
          },
          "private": "eyJlMmJmYjczMC1lY2FhLTExZTYtOGY4OC0zNDM2M2JjN2M0YzAiOnsiY3JlYXRlIjoyNDAwMDAwMDAwMDAsImRlbGV0ZSI6MjQwMDAwMDAwMDAwLCJ1cGRhdGUiOjI0MDAwMDAwMDAwMH19"
        }
      ]
    },
    {
      "mode": "managed",
      "type": "google_storage_bucket",
      "name": "code-bucket",
      "provider": "provider.google",
      "instances": [
        {
          "schema_version": 0,
          "attributes": {
            "bucket_policy_only": false,
            "cors": [],
            "encryption": [],
            "force_destroy": true,
            "id": "c39-txf-sandbox-code",
            "labels": null,
            "lifecycle_rule": [],
            "location": "US",
            "logging": [],
            "name": "c39-txf-sandbox-code",
            "predefined_acl": null,
            "project": "c39-txf-sandbox",
            "requester_pays": false,
            "retention_policy": [],
            "self_link": "https://www.googleapis.com/storage/v1/b/c39-txf-sandbox-code",
            "storage_class": "STANDARD",
            "url": "gs://c39-txf-sandbox-code",
            "versioning": [],
            "website": []
          },
          "private": "bnVsbA==",
          "depends_on": [
            "google_storage_bucket.datalake-bucket"
          ]
        }
      ]
    },
    {
      "mode": "managed",
      "type": "google_storage_bucket",
      "name": "datalake-bucket",
      "provider": "provider.google",
      "instances": [
        {
          "schema_version": 0,
          "attributes": {
            "bucket_policy_only": false,
            "cors": [],
            "encryption": [],
            "force_destroy": true,
            "id": "c39-txf-sandbox-datalake",
            "labels": null,
            "lifecycle_rule": [],
            "location": "US",
            "logging": [],
            "name": "c39-txf-sandbox-datalake",
            "predefined_acl": null,
            "project": "c39-txf-sandbox",
            "requester_pays": false,
            "retention_policy": [],
            "self_link": "https://www.googleapis.com/storage/v1/b/c39-txf-sandbox-datalake",
            "storage_class": "STANDARD",
            "url": "gs://c39-txf-sandbox-datalake",
            "versioning": [],
            "website": []
          },
          "private": "bnVsbA=="
        }
      ]
    },
    {
      "mode": "managed",
      "type": "google_storage_bucket",
      "name": "etl-tfstate-bucket",
      "provider": "provider.google",
      "instances": [
        {
          "schema_version": 0,
          "attributes": {
            "bucket_policy_only": false,
            "cors": [],
            "encryption": [],
            "force_destroy": true,
            "id": "c39-txf-sandbox-etl-tfstate",
            "labels": null,
            "lifecycle_rule": [],
            "location": "US",
            "logging": [],
            "name": "c39-txf-sandbox-etl-tfstate",
            "predefined_acl": null,
            "project": "c39-txf-sandbox",
            "requester_pays": false,
            "retention_policy": [],
            "self_link": "https://www.googleapis.com/storage/v1/b/c39-txf-sandbox-etl-tfstate",
            "storage_class": "STANDARD",
            "url": "gs://c39-txf-sandbox-etl-tfstate",
            "versioning": [],
            "website": []
          },
          "private": "bnVsbA=="
        }
      ]
    },
    {
      "mode": "managed",
      "type": "google_storage_bucket_object",
      "name": "trigger-function-zip",
      "provider": "provider.google",
      "instances": [
        {
          "schema_version": 0,
          "attributes": {
            "bucket": "c39-txf-sandbox-code",
            "cache_control": "",
            "content": null,
            "content_disposition": "",
            "content_encoding": "",
            "content_language": "",
            "content_type": "application/zip",
            "crc32c": "2EKlAg==",
            "detect_md5hash": "/Mu+rGy0SlTWZjIMldK2MA==",
            "id": "c39-txf-sandbox-code-trigger_function.zip",
            "md5hash": "/Mu+rGy0SlTWZjIMldK2MA==",
            "name": "trigger_function.zip",
            "output_name": "trigger_function.zip",
            "predefined_acl": null,
            "self_link": "https://www.googleapis.com/storage/v1/b/c39-txf-sandbox-code/o/trigger_function.zip",
            "source": "./code/trigger_function.zip",
            "storage_class": "STANDARD"
          },
          "private": "bnVsbA==",
          "depends_on": [
            "google_storage_bucket.code-bucket"
          ]
        }
      ]
    }
  ]
}
