{
  "version": 4,
  "terraform_version": "0.12.12",
  "serial": 744,
  "lineage": "56d1d484-1a8b-3f22-8dc0-784603284cc4",
  "outputs": {},
  "resources": [
    {
      "mode": "data",
      "type": "archive_file",
      "name": "code",
      "provider": "provider.archive",
      "instances": [
        {
          "schema_version": 0,
          "attributes": {
            "excludes": null,
            "id": "9e72782fbd7495f0d31ab8265c4cc715b422344e",
            "output_base64sha256": "7AuKOLJGtVK6Nre4GVAmzkMMwGvZgBVoh/IJLkHQkMU=",
            "output_md5": "da519e532730e16328e91f5396a625a0",
            "output_path": "./code/code.zip",
            "output_sha": "9e72782fbd7495f0d31ab8265c4cc715b422344e",
            "output_size": 2679,
            "source": [],
            "source_content": null,
            "source_content_filename": null,
            "source_dir": "./../../code/",
            "source_file": null,
            "type": "zip"
          }
        }
      ]
    },
    {
      "mode": "managed",
      "type": "google_bigquery_dataset",
      "name": "dataset",
      "provider": "provider.google",
      "instances": [
        {
          "schema_version": 0,
          "attributes": {
            "access": [
              {
                "domain": "",
                "group_by_email": "",
                "role": "OWNER",
                "special_group": "",
                "user_by_email": "ariel.gonzalez@cloud39.co",
                "view": []
              },
              {
                "domain": "",
                "group_by_email": "",
                "role": "OWNER",
                "special_group": "projectOwners",
                "user_by_email": "",
                "view": []
              },
              {
                "domain": "",
                "group_by_email": "",
                "role": "READER",
                "special_group": "projectReaders",
                "user_by_email": "",
                "view": []
              },
              {
                "domain": "",
                "group_by_email": "",
                "role": "WRITER",
                "special_group": "projectWriters",
                "user_by_email": "",
                "view": []
              }
            ],
            "creation_time": 1571950540479,
            "dataset_id": "main_dwh",
            "default_encryption_configuration": [],
            "default_partition_expiration_ms": 0,
            "default_table_expiration_ms": 3600000,
            "delete_contents_on_destroy": false,
            "description": "Taxfyle main data warehouse dataset",
            "etag": "SHjc0qL9HGlPqi654ofQqg==",
            "friendly_name": "main_dwh",
            "id": "c39-txf-sandbox:main_dwh",
            "labels": {},
            "last_modified_time": 1571950540479,
            "location": "US",
            "project": "c39-txf-sandbox",
            "self_link": "https://www.googleapis.com/bigquery/v2/projects/c39-txf-sandbox/datasets/main_dwh",
            "timeouts": null
          },
          "private": "eyJlMmJmYjczMC1lY2FhLTExZTYtOGY4OC0zNDM2M2JjN2M0YzAiOnsiY3JlYXRlIjoyNDAwMDAwMDAwMDAsImRlbGV0ZSI6MjQwMDAwMDAwMDAwLCJ1cGRhdGUiOjI0MDAwMDAwMDAwMH19"
        }
      ]
    },
    {
      "mode": "managed",
      "type": "google_cloud_scheduler_job",
      "name": "job",
      "provider": "provider.google",
      "instances": [
        {
          "schema_version": 0,
          "attributes": {
            "app_engine_http_target": [],
            "description": "",
            "http_target": [],
            "id": "dataflow-scheduler-job",
            "name": "dataflow-scheduler-job",
            "project": "c39-txf-sandbox",
            "pubsub_target": [
              {
                "attributes": {},
                "data": "LS1ydW5uZXIgRGF0YWZsb3dSdW5uZXIgLS1wcm9qZWN0IGMzOS10eGYtc2FuZGJveCAtLXRlbXBfbG9jYXRpb24gZ3M6Ly9jMzktdHhmLXNhbmRib3gtZGF0YWxha2UvdG1wIC0tc3VibmV0d29yayBodHRwczovL3d3dy5nb29nbGVhcGlzLmNvbS9jb21wdXRlL3YxL3Byb2plY3RzL2Nsb3VkMzktc2FuZGJveC9yZWdpb25zL3VzLWVhc3QxL3N1Ym5ldHdvcmtzL2Nsb3Vkc3FsLWRhdGFmbG93LXN1Ym5ldCAtLXJlZ2lvbiB1cy1lYXN0MSAtLXJlcXVpcmVtZW50c19maWxlIHJlcXVpcmVtZW50cy50eHQ=",
                "topic_name": "projects/c39-txf-sandbox/topics/dataflow-job-topic"
              }
            ],
            "region": "us-east1",
            "retry_config": [],
            "schedule": "*/10 * * * *",
            "time_zone": "America/New_York",
            "timeouts": null
          },
          "private": "eyJlMmJmYjczMC1lY2FhLTExZTYtOGY4OC0zNDM2M2JjN2M0YzAiOnsiY3JlYXRlIjoyNDAwMDAwMDAwMDAsImRlbGV0ZSI6MjQwMDAwMDAwMDAwfX0=",
          "depends_on": [
            "google_project_service.cloud-scheduler-service",
            "google_pubsub_topic.dataflow-job-topic"
          ]
        }
      ]
    },
    {
      "mode": "managed",
      "type": "google_cloudfunctions_function",
      "name": "dataflow-function",
      "provider": "provider.google",
      "instances": [
        {
          "schema_version": 0,
          "attributes": {
            "available_memory_mb": 1024,
            "description": "Configure dataflow to read data from database in project: cloud39-sandbox then write data to BigQuery and DataStorage in project: c39-txf-sandbox",
            "entry_point": "run",
            "environment_variables": {},
            "event_trigger": [
              {
                "event_type": "providers/cloud.pubsub/eventTypes/topic.publish",
                "failure_policy": [
                  {
                    "retry": false
                  }
                ],
                "resource": "projects/c39-txf-sandbox/topics/dataflow-job-topic"
              }
            ],
            "https_trigger_url": null,
            "id": "c39-txf-sandbox/us-east1/configure-dataflow",
            "labels": {},
            "max_instances": 0,
            "name": "configure-dataflow",
            "project": "c39-txf-sandbox",
            "region": "us-east1",
            "runtime": "python37",
            "service_account_email": "c39-txf-sandbox@appspot.gserviceaccount.com",
            "source_archive_bucket": "c39-txf-sandbox-code",
            "source_archive_object": "code.zip",
            "source_repository": [],
            "timeout": 540,
            "timeouts": null,
            "trigger_bucket": null,
            "trigger_http": null,
            "trigger_topic": null,
            "vpc_connector": ""
          },
          "private": "eyJlMmJmYjczMC1lY2FhLTExZTYtOGY4OC0zNDM2M2JjN2M0YzAiOnsiY3JlYXRlIjozMDAwMDAwMDAwMDAsImRlbGV0ZSI6MzAwMDAwMDAwMDAwLCJyZWFkIjozMDAwMDAwMDAwMDB9fQ==",
          "depends_on": [
            "google_project_service.cloud-function-service",
            "google_pubsub_topic.dataflow-job-topic",
            "google_storage_bucket.code-bucket",
            "google_storage_bucket_object.application-zip"
          ]
        }
      ]
    },
    {
      "mode": "managed",
      "type": "google_compute_shared_vpc_host_project",
      "name": "main",
      "provider": "provider.google",
      "instances": [
        {
          "schema_version": 0,
          "attributes": {
            "id": "cloud39-sandbox",
            "project": "cloud39-sandbox"
          },
          "private": "bnVsbA=="
        }
      ]
    },
    {
      "mode": "managed",
      "type": "google_compute_shared_vpc_service_project",
      "name": "data",
      "provider": "provider.google",
      "instances": [
        {
          "schema_version": 0,
          "attributes": {
            "host_project": "cloud39-sandbox",
            "id": "cloud39-sandbox/c39-txf-sandbox",
            "service_project": "c39-txf-sandbox"
          },
          "private": "bnVsbA==",
          "depends_on": [
            "google_compute_shared_vpc_host_project.main"
          ]
        }
      ]
    },
    {
      "mode": "managed",
      "type": "google_project_service",
      "name": "cloud-function-service",
      "provider": "provider.google",
      "instances": [
        {
          "schema_version": 0,
          "attributes": {
            "disable_dependent_services": true,
            "disable_on_destroy": true,
            "id": "c39-txf-sandbox/cloudfunctions.googleapis.com",
            "project": "c39-txf-sandbox",
            "service": "cloudfunctions.googleapis.com",
            "timeouts": null
          },
          "private": "eyJlMmJmYjczMC1lY2FhLTExZTYtOGY4OC0zNDM2M2JjN2M0YzAiOnsiY3JlYXRlIjoxMjAwMDAwMDAwMDAwLCJkZWxldGUiOjEyMDAwMDAwMDAwMDAsInJlYWQiOjYwMDAwMDAwMDAwMCwidXBkYXRlIjoxMjAwMDAwMDAwMDAwfX0="
        }
      ]
    },
    {
      "mode": "managed",
      "type": "google_project_service",
      "name": "cloud-scheduler-service",
      "provider": "provider.google",
      "instances": [
        {
          "schema_version": 0,
          "attributes": {
            "disable_dependent_services": true,
            "disable_on_destroy": true,
            "id": "c39-txf-sandbox/cloudscheduler.googleapis.com",
            "project": "c39-txf-sandbox",
            "service": "cloudscheduler.googleapis.com",
            "timeouts": null
          },
          "private": "eyJlMmJmYjczMC1lY2FhLTExZTYtOGY4OC0zNDM2M2JjN2M0YzAiOnsiY3JlYXRlIjoxMjAwMDAwMDAwMDAwLCJkZWxldGUiOjEyMDAwMDAwMDAwMDAsInJlYWQiOjYwMDAwMDAwMDAwMCwidXBkYXRlIjoxMjAwMDAwMDAwMDAwfX0="
        }
      ]
    },
    {
      "mode": "managed",
      "type": "google_project_service",
      "name": "dataflow-service",
      "provider": "provider.google",
      "instances": [
        {
          "schema_version": 0,
          "attributes": {
            "disable_dependent_services": true,
            "disable_on_destroy": true,
            "id": "c39-txf-sandbox/dataflow.googleapis.com",
            "project": "c39-txf-sandbox",
            "service": "dataflow.googleapis.com",
            "timeouts": null
          },
          "private": "eyJlMmJmYjczMC1lY2FhLTExZTYtOGY4OC0zNDM2M2JjN2M0YzAiOnsiY3JlYXRlIjoxMjAwMDAwMDAwMDAwLCJkZWxldGUiOjEyMDAwMDAwMDAwMDAsInJlYWQiOjYwMDAwMDAwMDAwMCwidXBkYXRlIjoxMjAwMDAwMDAwMDAwfX0="
        }
      ]
    },
    {
      "mode": "managed",
      "type": "google_pubsub_topic",
      "name": "dataflow-job-topic",
      "provider": "provider.google",
      "instances": [
        {
          "schema_version": 0,
          "attributes": {
            "id": "projects/c39-txf-sandbox/topics/dataflow-job-topic",
            "kms_key_name": "",
            "labels": {},
            "message_storage_policy": [],
            "name": "dataflow-job-topic",
            "project": "c39-txf-sandbox",
            "timeouts": null
          },
          "private": "eyJlMmJmYjczMC1lY2FhLTExZTYtOGY4OC0zNDM2M2JjN2M0YzAiOnsiY3JlYXRlIjoyNDAwMDAwMDAwMDAsImRlbGV0ZSI6MjQwMDAwMDAwMDAwLCJ1cGRhdGUiOjI0MDAwMDAwMDAwMH19"
        }
      ]
    },
    {
      "mode": "managed",
      "type": "google_storage_bucket",
      "name": "code-bucket",
      "provider": "provider.google",
      "instances": [
        {
          "schema_version": 0,
          "attributes": {
            "bucket_policy_only": false,
            "cors": [],
            "encryption": [],
            "force_destroy": true,
            "id": "c39-txf-sandbox-code",
            "labels": {},
            "lifecycle_rule": [],
            "location": "US",
            "logging": [],
            "name": "c39-txf-sandbox-code",
            "predefined_acl": null,
            "project": "c39-txf-sandbox",
            "requester_pays": false,
            "retention_policy": [],
            "self_link": "https://www.googleapis.com/storage/v1/b/c39-txf-sandbox-code",
            "storage_class": "STANDARD",
            "url": "gs://c39-txf-sandbox-code",
            "versioning": [],
            "website": []
          },
          "private": "bnVsbA=="
        }
      ]
    },
    {
      "mode": "managed",
      "type": "google_storage_bucket",
      "name": "datalake-bucket",
      "provider": "provider.google",
      "instances": [
        {
          "schema_version": 0,
          "attributes": {
            "bucket_policy_only": false,
            "cors": [],
            "encryption": [],
            "force_destroy": true,
            "id": "c39-txf-sandbox-datalake",
            "labels": {},
            "lifecycle_rule": [],
            "location": "US",
            "logging": [],
            "name": "c39-txf-sandbox-datalake",
            "predefined_acl": null,
            "project": "c39-txf-sandbox",
            "requester_pays": false,
            "retention_policy": [],
            "self_link": "https://www.googleapis.com/storage/v1/b/c39-txf-sandbox-datalake",
            "storage_class": "STANDARD",
            "url": "gs://c39-txf-sandbox-datalake",
            "versioning": [],
            "website": []
          },
          "private": "bnVsbA=="
        }
      ]
    },
    {
      "mode": "managed",
      "type": "google_storage_bucket",
      "name": "etl-tfstate-bucket",
      "provider": "provider.google",
      "instances": [
        {
          "schema_version": 0,
          "attributes": {
            "bucket_policy_only": false,
            "cors": [],
            "encryption": [],
            "force_destroy": true,
            "id": "c39-txf-sandbox-qa-data-etl-tfstate",
            "labels": {},
            "lifecycle_rule": [],
            "location": "US",
            "logging": [],
            "name": "c39-txf-sandbox-qa-data-etl-tfstate",
            "predefined_acl": null,
            "project": "c39-txf-sandbox",
            "requester_pays": false,
            "retention_policy": [],
            "self_link": "https://www.googleapis.com/storage/v1/b/c39-txf-sandbox-qa-data-etl-tfstate",
            "storage_class": "STANDARD",
            "url": "gs://c39-txf-sandbox-qa-data-etl-tfstate",
            "versioning": [],
            "website": []
          },
          "private": "bnVsbA=="
        }
      ]
    },
    {
      "mode": "managed",
      "type": "google_storage_bucket_object",
      "name": "application-zip",
      "provider": "provider.google",
      "instances": [
        {
          "schema_version": 0,
          "attributes": {
            "bucket": "c39-txf-sandbox-code",
            "cache_control": "",
            "content": null,
            "content_disposition": "",
            "content_encoding": "",
            "content_language": "",
            "content_type": "application/zip",
            "crc32c": "p2nFjQ==",
            "detect_md5hash": "2lGeUycw4WMo6R9TlqYloA==",
            "id": "c39-txf-sandbox-code-code.zip",
            "md5hash": "2lGeUycw4WMo6R9TlqYloA==",
            "name": "code.zip",
            "output_name": "code.zip",
            "predefined_acl": null,
            "self_link": "https://www.googleapis.com/storage/v1/b/c39-txf-sandbox-code/o/code.zip",
            "source": "./code/code.zip",
            "storage_class": "STANDARD"
          },
          "private": "bnVsbA==",
          "depends_on": [
            "google_storage_bucket.code-bucket"
          ]
        }
      ]
    }
  ]
}
