{
  "version": 4,
  "terraform_version": "0.12.12",
  "serial": 518,
  "lineage": "1ef59702-96d0-1656-798b-65de1200d0fb",
  "outputs": {
    "project_number": {
      "value": "1022478287302",
      "type": "string"
    }
  },
  "resources": [
    {
      "mode": "data",
      "type": "archive_file",
      "name": "trigger-function",
      "provider": "provider.archive",
      "instances": [
        {
          "schema_version": 0,
          "attributes": {
            "excludes": null,
            "id": "4f4274c65187b22251ee50451be1389bf4a14f3c",
            "output_base64sha256": "pvPlPM+owLhw8bZKljqQTQpAmcVT0rz6CykwMnjVEpc=",
            "output_md5": "9ca9829e343c15f4c90d39ec3f492111",
            "output_path": "./code/trigger_function.zip",
            "output_sha": "4f4274c65187b22251ee50451be1389bf4a14f3c",
            "output_size": 942,
            "source": [],
            "source_content": null,
            "source_content_filename": null,
            "source_dir": "./../../code/trigger_function",
            "source_file": null,
            "type": "zip"
          }
        }
      ]
    },
    {
      "mode": "data",
      "type": "google_project",
      "name": "project",
      "provider": "provider.google",
      "instances": [
        {
          "schema_version": 0,
          "attributes": {
            "app_engine": [],
            "auto_create_network": null,
            "billing_account": "00AD79-34062A-EB278E",
            "folder_id": "",
            "id": "taxfyle-qa-data",
            "labels": {},
            "name": "taxfyle-qa-data",
            "number": "1022478287302",
            "org_id": "630730511563",
            "policy_data": null,
            "policy_etag": null,
            "project_id": "taxfyle-qa-data",
            "skip_delete": null
          }
        }
      ]
    },
    {
      "mode": "managed",
      "type": "google_bigquery_dataset",
      "name": "dataset",
      "provider": "provider.google",
      "instances": [
        {
          "schema_version": 0,
          "attributes": {
            "access": [
              {
                "domain": "",
                "group_by_email": "",
                "role": "OWNER",
                "special_group": "",
                "user_by_email": "ariel.gonzalez@cloud39.co",
                "view": []
              },
              {
                "domain": "",
                "group_by_email": "",
                "role": "OWNER",
                "special_group": "projectOwners",
                "user_by_email": "",
                "view": []
              },
              {
                "domain": "",
                "group_by_email": "",
                "role": "READER",
                "special_group": "projectReaders",
                "user_by_email": "",
                "view": []
              },
              {
                "domain": "",
                "group_by_email": "",
                "role": "WRITER",
                "special_group": "projectWriters",
                "user_by_email": "",
                "view": []
              }
            ],
            "creation_time": 1572543431846,
            "dataset_id": "main_dwh",
            "default_encryption_configuration": [],
            "default_partition_expiration_ms": 0,
            "default_table_expiration_ms": 0,
            "delete_contents_on_destroy": false,
            "description": "Taxfyle main data warehouse dataset",
            "etag": "iPcD/R7UedDR7ljlmAHCgw==",
            "friendly_name": "main_dwh",
            "id": "taxfyle-qa-data:main_dwh",
            "labels": {},
            "last_modified_time": 1572616372345,
            "location": "US",
            "project": "taxfyle-qa-data",
            "self_link": "https://www.googleapis.com/bigquery/v2/projects/taxfyle-qa-data/datasets/main_dwh",
            "timeouts": null
          }
        }
      ]
    },
    {
      "mode": "managed",
      "type": "google_cloud_scheduler_job",
      "name": "dataflow_trigger",
      "provider": "provider.google",
      "instances": [
        {
          "schema_version": 0,
          "attributes": {
            "app_engine_http_target": [],
            "description": "",
            "http_target": [
              {
                "body": "eyJwYXJhbWV0ZXJzIjp7ImV0bF9yZWdpb24iOiJVUyIsIm5ldHdvcmtfcmVnaW9uIjoidXMtY2VudHJhbDEiLCJ0ZW1wbGF0ZV9idWNrZXQiOiJ0YXhmeWxlLXFhLWRhdGEtY29kZSJ9fQ==",
                "headers": {},
                "http_method": "POST",
                "oauth_token": [],
                "oidc_token": [],
                "uri": "https://us-central1-taxfyle-qa-data.cloudfunctions.net/trigger-pipeline-template-function"
              }
            ],
            "id": "dataflow-scheduler-job",
            "name": "dataflow-scheduler-job",
            "project": "taxfyle-qa-data",
            "pubsub_target": [],
            "region": "us-central1",
            "retry_config": [],
            "schedule": "0 */4 * * *",
            "time_zone": "America/New_York",
            "timeouts": null
          },
          "private": "eyJlMmJmYjczMC1lY2FhLTExZTYtOGY4OC0zNDM2M2JjN2M0YzAiOnsiY3JlYXRlIjoyNDAwMDAwMDAwMDAsImRlbGV0ZSI6MjQwMDAwMDAwMDAwfX0=",
          "depends_on": [
            "google_cloudfunctions_function.trigger-pipeline-template-function",
            "google_project_service.cloud-scheduler-service",
            "google_storage_bucket.code-bucket"
          ]
        }
      ]
    },
    {
      "mode": "managed",
      "type": "google_cloudfunctions_function",
      "name": "trigger-pipeline-template-function",
      "provider": "provider.google",
      "instances": [
        {
          "schema_version": 0,
          "attributes": {
            "available_memory_mb": 256,
            "description": "Trigger pipeline template execution in dataflow to read data from database in project: taxfyle-qa then write data to BigQuery and DataStorage in project: taxfyle-qa-data",
            "entry_point": "executeTemplateInDataflow",
            "environment_variables": {},
            "event_trigger": [],
            "https_trigger_url": "https://us-central1-taxfyle-qa-data.cloudfunctions.net/trigger-pipeline-template-function",
            "id": "taxfyle-qa-data/us-central1/trigger-pipeline-template-function",
            "labels": {},
            "max_instances": 0,
            "name": "trigger-pipeline-template-function",
            "project": "taxfyle-qa-data",
            "region": "us-central1",
            "runtime": "nodejs8",
            "service_account_email": "taxfyle-qa-data@appspot.gserviceaccount.com",
            "source_archive_bucket": "taxfyle-qa-data-code",
            "source_archive_object": "trigger_function.zip",
            "source_repository": [],
            "timeout": 60,
            "timeouts": null,
            "trigger_bucket": null,
            "trigger_http": true,
            "trigger_topic": null,
            "vpc_connector": ""
          },
          "private": "eyJlMmJmYjczMC1lY2FhLTExZTYtOGY4OC0zNDM2M2JjN2M0YzAiOnsiY3JlYXRlIjozMDAwMDAwMDAwMDAsImRlbGV0ZSI6MzAwMDAwMDAwMDAwLCJyZWFkIjozMDAwMDAwMDAwMDB9fQ==",
          "depends_on": [
            "google_project_service.cloud-function-service",
            "google_storage_bucket.code-bucket",
            "google_storage_bucket_object.trigger-function-zip"
          ]
        }
      ]
    },
    {
      "mode": "managed",
      "type": "google_compute_instance",
      "name": "default",
      "provider": "provider.google",
      "instances": [
        {
          "schema_version": 6,
          "attributes": {
            "allow_stopping_for_update": null,
            "attached_disk": [],
            "boot_disk": [
              {
                "auto_delete": true,
                "device_name": "persistent-disk-0",
                "disk_encryption_key_raw": "",
                "disk_encryption_key_sha256": "",
                "initialize_params": [
                  {
                    "image": "https://www.googleapis.com/compute/v1/projects/ubuntu-os-cloud/global/images/ubuntu-minimal-1804-bionic-v20191024",
                    "labels": {},
                    "size": 10,
                    "type": "pd-standard"
                  }
                ],
                "kms_key_self_link": "",
                "mode": "READ_WRITE",
                "source": "https://www.googleapis.com/compute/v1/projects/taxfyle-qa-data/zones/us-central1-b/disks/build-pipeline-send-to-dataflow"
              }
            ],
            "can_ip_forward": false,
            "cpu_platform": "Intel Haswell",
            "deletion_protection": false,
            "description": "",
            "disk": [],
            "guest_accelerator": [],
            "hostname": "",
            "id": "build-pipeline-send-to-dataflow",
            "instance_id": "1366392213324572342",
            "label_fingerprint": "42WmSpB8rSM=",
            "labels": null,
            "machine_type": "n1-standard-1",
            "metadata": {
              "sshKeys": "gcp_user:ssh-rsa AAAAB3NzaC1yc2EAAAADAQABAAACAQDmA6/W0SCaAFQsFupDpjzB2HWuA7c708PUHrViFpAwikzyHOdiDhgAArWAQUnJbtCqECCsJ5XIl7b8zvXBJXj1ZDOTEHpNoc+zGTqW/S1QaWmmE1Je1Yble9ocQt7m09nRjdbFELTQ00PfGNdrwyzllVUCGks6QbOZwkvigVYiR3HztDUcZ1WSNx3bObSC4g6QioLbY266bCg5bYLoOWyAbYWdRb6enIXenVLp2ldfIu8XtbuyzWYVUBQwXeLDxpYME66lFSEWj86bTQznvxUIpoCXwUAT15CVgBpjuRO79CsH4jhyPO3K2NCXSguUya046BnqDPUqws/GtMsl5CYq7YHj8qMMx2VnHt5eeq01GqjBncm+eZ9P1asa2x8cPn0EmBNc+nC+Tn07XI4y7p2ymcKMORv2BxiN2QzKhmAQSKaPYb/zOko9hEBuOkx4o9Uh3JSYDj0aPDCRUnV9PPWxAfNOVg/cuRH1Qsm2ll0jrr1tR3smdvOyQoGefYm70kOfiPs1zGlRMzudtj+Tr0jDSsTLK8D3l6MPWgJDbQl2RiQsNtNxsOjVOxU8iaLlfhH7Mm4+QmJelZH48qOlEYHi7Aj7q4/8ZwPCGCbf4RFO+tx6y/EiPia4PXyDfeS0f4i/qFjgOo5zFd8wpFdf2d2x+CfdZC1Vu/o/vXmMMhUgww==\n"
            },
            "metadata_fingerprint": "qXO4IbqF8Ls=",
            "metadata_startup_script": "",
            "min_cpu_platform": "",
            "name": "build-pipeline-send-to-dataflow",
            "network_interface": [
              {
                "access_config": [
                  {
                    "assigned_nat_ip": "",
                    "nat_ip": "34.67.161.227",
                    "network_tier": "PREMIUM",
                    "public_ptr_domain_name": ""
                  }
                ],
                "address": "",
                "alias_ip_range": [],
                "name": "nic0",
                "network": "https://www.googleapis.com/compute/v1/projects/taxfyle-qa-data/global/networks/default",
                "network_ip": "10.128.0.5",
                "subnetwork": "https://www.googleapis.com/compute/v1/projects/taxfyle-qa-data/regions/us-central1/subnetworks/default",
                "subnetwork_project": "taxfyle-qa-data"
              }
            ],
            "project": "taxfyle-qa-data",
            "scheduling": [
              {
                "automatic_restart": true,
                "node_affinities": [],
                "on_host_maintenance": "MIGRATE",
                "preemptible": false
              }
            ],
            "scratch_disk": [],
            "self_link": "https://www.googleapis.com/compute/v1/projects/taxfyle-qa-data/zones/us-central1-b/instances/build-pipeline-send-to-dataflow",
            "service_account": [
              {
                "email": "1022478287302-compute@developer.gserviceaccount.com",
                "scopes": [
                  "https://www.googleapis.com/auth/cloud-platform"
                ]
              }
            ],
            "shielded_instance_config": [],
            "tags": null,
            "tags_fingerprint": "42WmSpB8rSM=",
            "timeouts": null,
            "zone": "us-central1-b"
          },
          "private": "eyJlMmJmYjczMC1lY2FhLTExZTYtOGY4OC0zNDM2M2JjN2M0YzAiOnsiY3JlYXRlIjoxMjAwMDAwMDAwMDAwLCJkZWxldGUiOjEyMDAwMDAwMDAwMDAsInVwZGF0ZSI6MTIwMDAwMDAwMDAwMH0sInNjaGVtYV92ZXJzaW9uIjoiNiJ9",
          "depends_on": [
            "data.google_project.project",
            "google_service_account.service-project-service-account-data-pipeline",
            "google_storage_bucket.code-bucket",
            "google_storage_bucket.datalake-bucket",
            "tls_private_key.ssh-key"
          ]
        }
      ]
    },
    {
      "mode": "managed",
      "type": "google_compute_shared_vpc_host_project",
      "name": "main",
      "provider": "provider.google",
      "instances": [
        {
          "schema_version": 0,
          "attributes": {
            "id": "taxfyle-qa",
            "project": "taxfyle-qa"
          }
        }
      ]
    },
    {
      "mode": "managed",
      "type": "google_compute_shared_vpc_service_project",
      "name": "data",
      "provider": "provider.google",
      "instances": [
        {
          "schema_version": 0,
          "attributes": {
            "host_project": "taxfyle-qa",
            "id": "taxfyle-qa/taxfyle-qa-data",
            "service_project": "taxfyle-qa-data"
          },
          "private": "bnVsbA==",
          "depends_on": [
            "google_compute_shared_vpc_host_project.main"
          ]
        }
      ]
    },
    {
      "mode": "managed",
      "type": "google_compute_subnetwork_iam_binding",
      "name": "subnet",
      "provider": "provider.google",
      "instances": [
        {
          "schema_version": 0,
          "attributes": {
            "etag": "BwWWPc0nhas=",
            "id": "projects/taxfyle-qa/regions/us-central1/subnetworks/default-kubes-us/roles/compute.networkUser",
            "members": [
              "serviceAccount:service-1022478287302@dataflow-service-producer-prod.iam.gserviceaccount.com",
              "serviceAccount:service-account-data-pipeline@taxfyle-qa-data.iam.gserviceaccount.com"
            ],
            "project": "taxfyle-qa",
            "region": "us-central1",
            "role": "roles/compute.networkUser",
            "subnetwork": "default-kubes-us"
          },
          "private": "bnVsbA==",
          "depends_on": [
            "data.google_project.project",
            "google_service_account.service-project-service-account-data-pipeline"
          ]
        }
      ]
    },
    {
      "mode": "managed",
      "type": "google_project_iam_member",
      "name": "host-project-service-account-data-pipeline-shared-vpc",
      "provider": "provider.google",
      "instances": [
        {
          "schema_version": 0,
          "attributes": {
            "etag": "BwWWPczcdZw=",
            "id": "taxfyle-qa/roles/compute.networkUser/serviceaccount:service-account-data-pipeline@taxfyle-qa-data.iam.gserviceaccount.com",
            "member": "serviceAccount:service-account-data-pipeline@taxfyle-qa-data.iam.gserviceaccount.com",
            "project": "taxfyle-qa",
            "role": "roles/compute.networkUser"
          },
          "private": "bnVsbA==",
          "depends_on": [
            "google_service_account.service-project-service-account-data-pipeline"
          ]
        }
      ]
    },
    {
      "mode": "managed",
      "type": "google_project_iam_member",
      "name": "host-project-service-account-data-pipeline-sql-client",
      "provider": "provider.google",
      "instances": [
        {
          "schema_version": 0,
          "attributes": {
            "etag": "BwWWPczcdZw=",
            "id": "taxfyle-qa/roles/cloudsql.client/serviceaccount:service-account-data-pipeline@taxfyle-qa-data.iam.gserviceaccount.com",
            "member": "serviceAccount:service-account-data-pipeline@taxfyle-qa-data.iam.gserviceaccount.com",
            "project": "taxfyle-qa",
            "role": "roles/cloudsql.client"
          },
          "private": "bnVsbA==",
          "depends_on": [
            "google_service_account.service-project-service-account-data-pipeline"
          ]
        }
      ]
    },
    {
      "mode": "managed",
      "type": "google_project_iam_member",
      "name": "service-project-service-account-data-pipeline-admin-bq",
      "provider": "provider.google",
      "instances": [
        {
          "schema_version": 0,
          "attributes": {
            "etag": "BwWWPc27UBY=",
            "id": "taxfyle-qa-data/roles/bigquery.admin/serviceaccount:service-account-data-pipeline@taxfyle-qa-data.iam.gserviceaccount.com",
            "member": "serviceAccount:service-account-data-pipeline@taxfyle-qa-data.iam.gserviceaccount.com",
            "project": "taxfyle-qa-data",
            "role": "roles/bigquery.admin"
          },
          "private": "bnVsbA==",
          "depends_on": [
            "google_service_account.service-project-service-account-data-pipeline"
          ]
        }
      ]
    },
    {
      "mode": "managed",
      "type": "google_project_iam_member",
      "name": "service-project-service-account-data-pipeline-admin-buckets",
      "provider": "provider.google",
      "instances": [
        {
          "schema_version": 0,
          "attributes": {
            "etag": "BwWWPc27UBY=",
            "id": "taxfyle-qa-data/roles/storage.objectAdmin/serviceaccount:service-account-data-pipeline@taxfyle-qa-data.iam.gserviceaccount.com",
            "member": "serviceAccount:service-account-data-pipeline@taxfyle-qa-data.iam.gserviceaccount.com",
            "project": "taxfyle-qa-data",
            "role": "roles/storage.objectAdmin"
          },
          "private": "bnVsbA==",
          "depends_on": [
            "google_service_account.service-project-service-account-data-pipeline"
          ]
        }
      ]
    },
    {
      "mode": "managed",
      "type": "google_project_iam_member",
      "name": "service-project-service-account-data-pipeline-df-worker",
      "provider": "provider.google",
      "instances": [
        {
          "schema_version": 0,
          "attributes": {
            "etag": "BwWWPc27UBY=",
            "id": "taxfyle-qa-data/roles/dataflow.worker/serviceaccount:service-account-data-pipeline@taxfyle-qa-data.iam.gserviceaccount.com",
            "member": "serviceAccount:service-account-data-pipeline@taxfyle-qa-data.iam.gserviceaccount.com",
            "project": "taxfyle-qa-data",
            "role": "roles/dataflow.worker"
          },
          "private": "bnVsbA==",
          "depends_on": [
            "google_service_account.service-project-service-account-data-pipeline"
          ]
        }
      ]
    },
    {
      "mode": "managed",
      "type": "google_project_iam_member",
      "name": "service-project-service-account-data-pipeline-shared-vpc",
      "provider": "provider.google",
      "instances": [
        {
          "schema_version": 0,
          "attributes": {
            "etag": "BwWWPc27UBY=",
            "id": "taxfyle-qa-data/roles/compute.networkUser/serviceaccount:service-account-data-pipeline@taxfyle-qa-data.iam.gserviceaccount.com",
            "member": "serviceAccount:service-account-data-pipeline@taxfyle-qa-data.iam.gserviceaccount.com",
            "project": "taxfyle-qa-data",
            "role": "roles/compute.networkUser"
          },
          "private": "bnVsbA==",
          "depends_on": [
            "google_service_account.service-project-service-account-data-pipeline"
          ]
        }
      ]
    },
    {
      "mode": "managed",
      "type": "google_project_service",
      "name": "cloud-big-query-service",
      "provider": "provider.google",
      "instances": [
        {
          "schema_version": 0,
          "attributes": {
            "disable_dependent_services": null,
            "disable_on_destroy": false,
            "id": "taxfyle-qa-data/bigquery-json.googleapis.com",
            "project": "taxfyle-qa-data",
            "service": "bigquery-json.googleapis.com",
            "timeouts": null
          },
          "private": "eyJlMmJmYjczMC1lY2FhLTExZTYtOGY4OC0zNDM2M2JjN2M0YzAiOnsiY3JlYXRlIjoxMjAwMDAwMDAwMDAwLCJkZWxldGUiOjEyMDAwMDAwMDAwMDAsInJlYWQiOjYwMDAwMDAwMDAwMCwidXBkYXRlIjoxMjAwMDAwMDAwMDAwfX0="
        }
      ]
    },
    {
      "mode": "managed",
      "type": "google_project_service",
      "name": "cloud-function-service",
      "provider": "provider.google",
      "instances": [
        {
          "schema_version": 0,
          "attributes": {
            "disable_dependent_services": null,
            "disable_on_destroy": false,
            "id": "taxfyle-qa-data/cloudfunctions.googleapis.com",
            "project": "taxfyle-qa-data",
            "service": "cloudfunctions.googleapis.com",
            "timeouts": null
          },
          "private": "eyJlMmJmYjczMC1lY2FhLTExZTYtOGY4OC0zNDM2M2JjN2M0YzAiOnsiY3JlYXRlIjoxMjAwMDAwMDAwMDAwLCJkZWxldGUiOjEyMDAwMDAwMDAwMDAsInJlYWQiOjYwMDAwMDAwMDAwMCwidXBkYXRlIjoxMjAwMDAwMDAwMDAwfX0="
        }
      ]
    },
    {
      "mode": "managed",
      "type": "google_project_service",
      "name": "cloud-scheduler-service",
      "provider": "provider.google",
      "instances": [
        {
          "schema_version": 0,
          "attributes": {
            "disable_dependent_services": null,
            "disable_on_destroy": false,
            "id": "taxfyle-qa-data/cloudscheduler.googleapis.com",
            "project": "taxfyle-qa-data",
            "service": "cloudscheduler.googleapis.com",
            "timeouts": null
          },
          "private": "eyJlMmJmYjczMC1lY2FhLTExZTYtOGY4OC0zNDM2M2JjN2M0YzAiOnsiY3JlYXRlIjoxMjAwMDAwMDAwMDAwLCJkZWxldGUiOjEyMDAwMDAwMDAwMDAsInJlYWQiOjYwMDAwMDAwMDAwMCwidXBkYXRlIjoxMjAwMDAwMDAwMDAwfX0="
        }
      ]
    },
    {
      "mode": "managed",
      "type": "google_project_service",
      "name": "cloud-storage-service",
      "provider": "provider.google",
      "instances": [
        {
          "schema_version": 0,
          "attributes": {
            "disable_dependent_services": null,
            "disable_on_destroy": false,
            "id": "taxfyle-qa-data/storage-component.googleapis.com",
            "project": "taxfyle-qa-data",
            "service": "storage-component.googleapis.com",
            "timeouts": null
          },
          "private": "eyJlMmJmYjczMC1lY2FhLTExZTYtOGY4OC0zNDM2M2JjN2M0YzAiOnsiY3JlYXRlIjoxMjAwMDAwMDAwMDAwLCJkZWxldGUiOjEyMDAwMDAwMDAwMDAsInJlYWQiOjYwMDAwMDAwMDAwMCwidXBkYXRlIjoxMjAwMDAwMDAwMDAwfX0="
        }
      ]
    },
    {
      "mode": "managed",
      "type": "google_project_service",
      "name": "dataflow-service",
      "provider": "provider.google",
      "instances": [
        {
          "schema_version": 0,
          "attributes": {
            "disable_dependent_services": null,
            "disable_on_destroy": false,
            "id": "taxfyle-qa-data/dataflow.googleapis.com",
            "project": "taxfyle-qa-data",
            "service": "dataflow.googleapis.com",
            "timeouts": null
          },
          "private": "eyJlMmJmYjczMC1lY2FhLTExZTYtOGY4OC0zNDM2M2JjN2M0YzAiOnsiY3JlYXRlIjoxMjAwMDAwMDAwMDAwLCJkZWxldGUiOjEyMDAwMDAwMDAwMDAsInJlYWQiOjYwMDAwMDAwMDAwMCwidXBkYXRlIjoxMjAwMDAwMDAwMDAwfX0="
        }
      ]
    },
    {
      "mode": "managed",
      "type": "google_service_account",
      "name": "service-project-service-account-data-pipeline",
      "provider": "provider.google",
      "instances": [
        {
          "schema_version": 0,
          "attributes": {
            "account_id": "service-account-data-pipeline",
            "display_name": "Dataflow Service Account for execute Taxfyle data pipeline",
            "email": "service-account-data-pipeline@taxfyle-qa-data.iam.gserviceaccount.com",
            "id": "projects/taxfyle-qa-data/serviceAccounts/service-account-data-pipeline@taxfyle-qa-data.iam.gserviceaccount.com",
            "name": "projects/taxfyle-qa-data/serviceAccounts/service-account-data-pipeline@taxfyle-qa-data.iam.gserviceaccount.com",
            "policy_data": null,
            "project": "taxfyle-qa-data",
            "unique_id": "109804076102597894041"
          },
          "private": "bnVsbA=="
        }
      ]
    },
    {
      "mode": "managed",
      "type": "google_storage_bucket",
      "name": "code-bucket",
      "provider": "provider.google",
      "instances": [
        {
          "schema_version": 0,
          "attributes": {
            "bucket_policy_only": false,
            "cors": [],
            "encryption": [],
            "force_destroy": true,
            "id": "taxfyle-qa-data-code",
            "labels": {},
            "lifecycle_rule": [],
            "location": "US-CENTRAL1",
            "logging": [],
            "name": "taxfyle-qa-data-code",
            "predefined_acl": null,
            "project": "taxfyle-qa-data",
            "requester_pays": false,
            "retention_policy": [],
            "self_link": "https://www.googleapis.com/storage/v1/b/taxfyle-qa-data-code",
            "storage_class": "STANDARD",
            "url": "gs://taxfyle-qa-data-code",
            "versioning": [],
            "website": []
          },
          "private": "bnVsbA==",
          "depends_on": [
            "google_service_account.service-project-service-account-data-pipeline",
            "google_storage_bucket.datalake-bucket"
          ]
        }
      ]
    },
    {
      "mode": "managed",
      "type": "google_storage_bucket",
      "name": "datalake-bucket",
      "provider": "provider.google",
      "instances": [
        {
          "schema_version": 0,
          "attributes": {
            "bucket_policy_only": false,
            "cors": [],
            "encryption": [],
            "force_destroy": true,
            "id": "taxfyle-qa-data-datalake",
            "labels": {},
            "lifecycle_rule": [],
            "location": "US-CENTRAL1",
            "logging": [],
            "name": "taxfyle-qa-data-datalake",
            "predefined_acl": null,
            "project": "taxfyle-qa-data",
            "requester_pays": false,
            "retention_policy": [],
            "self_link": "https://www.googleapis.com/storage/v1/b/taxfyle-qa-data-datalake",
            "storage_class": "STANDARD",
            "url": "gs://taxfyle-qa-data-datalake",
            "versioning": [],
            "website": []
          },
          "private": "bnVsbA=="
        }
      ]
    },
    {
      "mode": "managed",
      "type": "google_storage_bucket",
      "name": "etl-tfstate-bucket",
      "provider": "provider.google",
      "instances": [
        {
          "schema_version": 0,
          "attributes": {
            "bucket_policy_only": false,
            "cors": [],
            "encryption": [],
            "force_destroy": true,
            "id": "taxfyle-qa-data-etl-tfstate",
            "labels": {},
            "lifecycle_rule": [],
            "location": "US-CENTRAL1",
            "logging": [],
            "name": "taxfyle-qa-data-etl-tfstate",
            "predefined_acl": null,
            "project": "taxfyle-qa-data",
            "requester_pays": false,
            "retention_policy": [],
            "self_link": "https://www.googleapis.com/storage/v1/b/taxfyle-qa-data-etl-tfstate",
            "storage_class": "STANDARD",
            "url": "gs://taxfyle-qa-data-etl-tfstate",
            "versioning": [],
            "website": []
          },
          "private": "bnVsbA=="
        }
      ]
    },
    {
      "mode": "managed",
      "type": "google_storage_bucket_object",
      "name": "trigger-function-zip",
      "provider": "provider.google",
      "instances": [
        {
          "schema_version": 0,
          "attributes": {
            "bucket": "taxfyle-qa-data-code",
            "cache_control": "",
            "content": null,
            "content_disposition": "",
            "content_encoding": "",
            "content_language": "",
            "content_type": "application/zip",
            "crc32c": "DD/vdA==",
            "detect_md5hash": "nKmCnjQ8FfTJDTnsP0khEQ==",
            "id": "taxfyle-qa-data-code-trigger_function.zip",
            "md5hash": "nKmCnjQ8FfTJDTnsP0khEQ==",
            "name": "trigger_function.zip",
            "output_name": "trigger_function.zip",
            "predefined_acl": null,
            "self_link": "https://www.googleapis.com/storage/v1/b/taxfyle-qa-data-code/o/trigger_function.zip",
            "source": "./code/trigger_function.zip",
            "storage_class": "STANDARD"
          },
          "private": "bnVsbA==",
          "depends_on": [
            "google_storage_bucket.code-bucket"
          ]
        }
      ]
    },
    {
      "mode": "managed",
      "type": "tls_private_key",
      "name": "ssh-key",
      "provider": "provider.tls",
      "instances": [
        {
          "schema_version": 0,
          "attributes": {
            "algorithm": "RSA",
            "ecdsa_curve": "P224",
            "id": "eb2863951e0140369c1ef0f4439822e354c81a3a",
            "private_key_pem": "-----BEGIN RSA PRIVATE KEY-----\nMIIJKQIBAAKCAgEA5gOv1tEgmgBULBbqQ6Y8wdh1rgO3O9PD1B61YhaQMIpM8hzn\nYg4YAAK1gEFJyW7QqhAgrCeVyJe2/M71wSV49WQzkxB6TaHPsxk6lv0tUGlpphNS\nXtWG5XvaHELe5tPZ0Y3WxRC00NND3xjXa8Ms5ZVVAhpLOkGzmcJL4oFWIkdx87Q1\nHGdVkjcd2zm0guIOkIqC22NuumwoOW2C6DlsgG2FnUW+npyF3p1S6dpXXyLvF7W7\nss1mFVAUMF3iw8aWDBOupRUhFo/Om00M578VCKaAl8FAE9eQlYAaY7kTu/QrB+I4\ncjztytjQl0oLlMmtOOgZ6gz1KsLPxrTLJeQmKu2B4/KjDMdlZx7eXnqtNRqowZ3J\nvnmfT9WrGtsfHD59BJgTXPpwvk59O1yOMu6dspnCjDkb9gcYjdkMyoZgEEimj2G/\n8zpKPYRAbjpMeKPVIdyUmA49GjwwkVJ1fTz1sQHzTlYP3LkR9ULJtpZdI669bUd7\nJnbzskKBnn2Ju9JDn4j7NcxpUTM7nbY/k69Iw0rEyyvA95ejD1oCQ20JdkYkLDbT\ncbDo1TsVPImi5X4R+zJuPkJiXpWR+PKjpRGB4uwI+6uP/GcDwhgm3+ERTvrcesvx\nIj4muD18g33ktH+Iv6hY4DqOcxXfMKRXX9ndsfgn3WQtVbv6P715jDIVIMMCAwEA\nAQKCAgEApqA9Ha1ZpLZgQ6BGDMO8d+DLP0hJ0PlTf7LPS0N1KPTHUQ1HQW1cTYWo\n3kRto5K3brtIL+5tP2dIlFOJDGaM/ZedFQh20Q5LXD8GhqLZ1MrIUhrlLPYaRtw1\n4QtAVo9Z18icsR2tHyosnM1uIQ6+04IelutdW9KEvPpX5rozH5oKHrWJVA43mzh6\nVHm1HquMSYFN0ohxinMXoKKIlpoi09aDWK9Rq61P/TiS+/3EFZNFCTQJyTmqnf3o\n4jDhOVn/ELihZ82qrqF21mI22xs9rYqQ1V6VgMpEX0jx1RQaC6qSEZ/7rCYfTTdL\nxI1LXnnLFtJtE3RXlqaRxizqjYR9cHP73CVXjzR/RBYVgSaPRS4iUiXHB7erPIZa\nGwo+3w352D+yUvr8jPL2v7tG/shJZIurZTKkQ4ejZbd1R6I+Q4Dy5lGrhNDfKDyM\n3NxQzdVvDBIEUZ3Vl0hRY80uq6cl9gpBXfHc3D9tuiz1ZYX3qaRG31WSegGba43y\ncd+itNI9AS0ME6zQHzjWaRU9i8pUDpQRtQdCS/hP3JUc9JciNgSHxlTz8ZhVkA7M\n+2J92R3QTjTXGpS3fDceLoS9H//2R/L/xO+SRQKAuLFM+HG0EmsYLNF8fd9VGsDH\n9DyA85wKi41Eg33HkaJ/Vpl31AlmJvVJVutNXc2LTGAePVx6ZuECggEBAO1UImcg\nJ+VdTkn+z9/Dwa5gtsDYlj9UBhPXToi2KU19RH9u0amrpD2wGatI39Ibo6pga/0M\nk7MApBAoWF18eT2XXLRsJlH5jxgOcWGSG2/S371k9BVaslX7X0TaAH+4yiWwVed7\nYM4scbVqmwiTz777wOjR4hAb0MQzd5fjzS20i56X8wgIbnoeTWN5Mq3O074oqeD7\niqjZoY+7p9UzWFpjdeAk3j0EApmu/edJWFiVJOLEXJ2E6qFvk7wWMgfkaPDXLv6q\ntxOXhNLSYuTxqaMtUBG8XhPmh1XOm2Rr3uf3uDR8zoV2ToWgzW1ZET2yv+DiHt6W\nUu0cQHxom1ucB0UCggEBAPgcPdFfzHd9cxx5HAKBKssUNgsSQdY9+qfjMNShzBzu\nB8hZjoAounmxJHE9a1vKORiqkiDgIwDHaUMxXXpSktduqlZwNvWJd0tclBSjGfCJ\ncYCyTmWugVyYY8bkO/rZ6owohqklTp8dXk9dERiu3XWhmkVqe5MCK8TYlNfy6KQ/\nQT37S5sCt1JPEAdVrSp1NRCWeR1v7lTZ7JZ7GNe1QusNi+Mlr8roKfBg8tKdNvse\nbjFEH3uSPM9NsllSxzx7zt587Ik5n4tBTNqp05c41mp/9AqhC4mBCYKdbC8vdOpV\n/12DlwMBf64yj9udaXThEhSYp09zX5TR0mpxTVpupGcCggEAK/DV5c4YVOkvo5eg\nGUf/Ri/15kKznsoJzgahLcK8ZvJ4ijeUbhuvbxR5zDLT7ezcIqFznQiFGDFYLv2p\nTrXLJNIvgeA8QBU6nzOdXnlUxyF9920HnCSMvEqsWu0aBovKMawyW4eGZuXnr7Ur\nOy1S24N1NiYV+vGLd6gnzmGJDZtN9nEfuC8HdWjC31YDQhb3MVAKE/O+uoCA30HZ\nUyoMg7/ChVuOIjHp4VZ7ACWeS9hhWfMNSsTfRECKU9qwLLHnlB/jPZeSCfiVyQrW\n8Jil1eZ/2qjLqleWWxbDwpYOUViWLHGnMyKyax9YqZRCEvBTgmmbWY7vj6MZdW9Q\nxGdhGQKCAQACEiJF9Bm9yZNDYpNkRfW4ejO1RfK8ugm0iwXmUG9msmnoNy8kTLK5\nv0vBkjSqMHbniMztb1F7eS6cu/W+xp+pIqhTTl53EC2puF0YCwB1bIBBBbv3x0wX\nHMKAb3k8r8LwZooxMTmFxHX8DZfN7++zQqUJ/UiIwpTg8LnVT5a3gDuoK8fGxHAJ\nRNWqagGnABFwUQEzyLJhjOwXmXFso3uqgJNxUugztlpbQkPklCFYWTmsOZhVrLPL\nOyfI7RLyo0nnu30x7AQz4lik3pQAiB3qB6VezVdOT4Bn0a6MekXsisk125pQERwi\ntRNUTu0JZ7OB7oA+/oSGtnWeI9H0dkXzAoIBAQDCpi8CJtAiZYOY6etdKL0+Bnzi\nVLF8LQkdKpbjFX6195hx3cuDWEFaZt/vmaR4G8irKpa7WI4ZXQLrPRvdDdBSs+vZ\nzhQARJMC5n2AB6TWPyijC4soOoPn4h0dZ3bJ8iHQ6xbhwEBnuGKLJGpNvyjxlV2n\nKvDkH5Xtimw/qH4EcT6/V8w8OeFPJfjikTMUwlIpwL7LLTDPS2jkw9xDCaNAH6d8\nQl8pVEKtzGOSKGu5gK2J3pVE2qFv+vwMx/jUu4NIpKKGydBotSiMtrIVXHaD5Psv\nS1wYvvXmbAsel9/5gKJeeW+QITsV7SWqevEzlfFhLcD7rzpmIq6lv/KLM/IL\n-----END RSA PRIVATE KEY-----\n",
            "public_key_fingerprint_md5": "31:dc:4d:22:c9:47:62:79:a8:13:1e:4f:2c:3f:26:7d",
            "public_key_openssh": "ssh-rsa AAAAB3NzaC1yc2EAAAADAQABAAACAQDmA6/W0SCaAFQsFupDpjzB2HWuA7c708PUHrViFpAwikzyHOdiDhgAArWAQUnJbtCqECCsJ5XIl7b8zvXBJXj1ZDOTEHpNoc+zGTqW/S1QaWmmE1Je1Yble9ocQt7m09nRjdbFELTQ00PfGNdrwyzllVUCGks6QbOZwkvigVYiR3HztDUcZ1WSNx3bObSC4g6QioLbY266bCg5bYLoOWyAbYWdRb6enIXenVLp2ldfIu8XtbuyzWYVUBQwXeLDxpYME66lFSEWj86bTQznvxUIpoCXwUAT15CVgBpjuRO79CsH4jhyPO3K2NCXSguUya046BnqDPUqws/GtMsl5CYq7YHj8qMMx2VnHt5eeq01GqjBncm+eZ9P1asa2x8cPn0EmBNc+nC+Tn07XI4y7p2ymcKMORv2BxiN2QzKhmAQSKaPYb/zOko9hEBuOkx4o9Uh3JSYDj0aPDCRUnV9PPWxAfNOVg/cuRH1Qsm2ll0jrr1tR3smdvOyQoGefYm70kOfiPs1zGlRMzudtj+Tr0jDSsTLK8D3l6MPWgJDbQl2RiQsNtNxsOjVOxU8iaLlfhH7Mm4+QmJelZH48qOlEYHi7Aj7q4/8ZwPCGCbf4RFO+tx6y/EiPia4PXyDfeS0f4i/qFjgOo5zFd8wpFdf2d2x+CfdZC1Vu/o/vXmMMhUgww==\n",
            "public_key_pem": "-----BEGIN PUBLIC KEY-----\nMIICIjANBgkqhkiG9w0BAQEFAAOCAg8AMIICCgKCAgEA5gOv1tEgmgBULBbqQ6Y8\nwdh1rgO3O9PD1B61YhaQMIpM8hznYg4YAAK1gEFJyW7QqhAgrCeVyJe2/M71wSV4\n9WQzkxB6TaHPsxk6lv0tUGlpphNSXtWG5XvaHELe5tPZ0Y3WxRC00NND3xjXa8Ms\n5ZVVAhpLOkGzmcJL4oFWIkdx87Q1HGdVkjcd2zm0guIOkIqC22NuumwoOW2C6Dls\ngG2FnUW+npyF3p1S6dpXXyLvF7W7ss1mFVAUMF3iw8aWDBOupRUhFo/Om00M578V\nCKaAl8FAE9eQlYAaY7kTu/QrB+I4cjztytjQl0oLlMmtOOgZ6gz1KsLPxrTLJeQm\nKu2B4/KjDMdlZx7eXnqtNRqowZ3JvnmfT9WrGtsfHD59BJgTXPpwvk59O1yOMu6d\nspnCjDkb9gcYjdkMyoZgEEimj2G/8zpKPYRAbjpMeKPVIdyUmA49GjwwkVJ1fTz1\nsQHzTlYP3LkR9ULJtpZdI669bUd7JnbzskKBnn2Ju9JDn4j7NcxpUTM7nbY/k69I\nw0rEyyvA95ejD1oCQ20JdkYkLDbTcbDo1TsVPImi5X4R+zJuPkJiXpWR+PKjpRGB\n4uwI+6uP/GcDwhgm3+ERTvrcesvxIj4muD18g33ktH+Iv6hY4DqOcxXfMKRXX9nd\nsfgn3WQtVbv6P715jDIVIMMCAwEAAQ==\n-----END PUBLIC KEY-----\n",
            "rsa_bits": 4096
          },
          "private": "bnVsbA=="
        }
      ]
    }
  ]
}
